// !$*UTF8*$!
{
	archiveVersion = 1;
	classes = {
	};
	objectVersion = 56;
	objects = {

/* Begin PBXBuildFile section */
		5AE3DB3C2C51EAD000F95566 /* WikiView.swift in Sources */ = {isa = PBXBuildFile; fileRef = 5AE3DB3B2C51EAD000F95566 /* WikiView.swift */; };
		6E52A9DC2C0A873C000F2162 /* MemoryGameViewModel.swift in Sources */ = {isa = PBXBuildFile; fileRef = 6E52A9DB2C0A873C000F2162 /* MemoryGameViewModel.swift */; };
		6E5619222C0B1D3F00D4D5C1 /* ViewDB.swift in Sources */ = {isa = PBXBuildFile; fileRef = 6E5619212C0B1D3F00D4D5C1 /* ViewDB.swift */; };
		6E600C7E2C07436F002408CE /* ApiError.swift in Sources */ = {isa = PBXBuildFile; fileRef = 6E600C7D2C07436F002408CE /* ApiError.swift */; };
		6E600CE62C096A9F002408CE /* CardMemryModel.swift in Sources */ = {isa = PBXBuildFile; fileRef = 6E600CE42C096A9F002408CE /* CardMemryModel.swift */; };
		6E600CEA2C096B0A002408CE /* CardMemoryView.swift in Sources */ = {isa = PBXBuildFile; fileRef = 6E600CE72C096B0A002408CE /* CardMemoryView.swift */; };
		6E600CEB2C096B0A002408CE /* MemoryGameView.swift in Sources */ = {isa = PBXBuildFile; fileRef = 6E600CE82C096B0A002408CE /* MemoryGameView.swift */; };
		6E600CED2C096B49002408CE /* Styles.swift in Sources */ = {isa = PBXBuildFile; fileRef = 6E600CEC2C096B49002408CE /* Styles.swift */; };
		6EA16BE02C113C8200CBC7B6 /* GifImage.swift in Sources */ = {isa = PBXBuildFile; fileRef = 6EA16BDF2C113C8200CBC7B6 /* GifImage.swift */; };
		6EA16BE32C11410300CBC7B6 /* Gif1.gif in Resources */ = {isa = PBXBuildFile; fileRef = 6EA16BE22C11410300CBC7B6 /* Gif1.gif */; };
		6EAB82632C472D6F00D75432 /* ApiProtocol.swift in Sources */ = {isa = PBXBuildFile; fileRef = 6EAB82622C472D6F00D75432 /* ApiProtocol.swift */; };
		6EAB82652C472E9500D75432 /* DragonBallModel.swift in Sources */ = {isa = PBXBuildFile; fileRef = 6EAB82642C472E9500D75432 /* DragonBallModel.swift */; };
		6EAB82672C47312F00D75432 /* AllCharactersDBDataService.swift in Sources */ = {isa = PBXBuildFile; fileRef = 6EAB82662C47312F00D75432 /* AllCharactersDBDataService.swift */; };
		6EAB826B2C4734B800D75432 /* AllDragonsDataService.swift in Sources */ = {isa = PBXBuildFile; fileRef = 6EAB826A2C4734B800D75432 /* AllDragonsDataService.swift */; };
		6EAB826D2C47373800D75432 /* AllCharactersDBViewModel.swift in Sources */ = {isa = PBXBuildFile; fileRef = 6EAB826C2C47373800D75432 /* AllCharactersDBViewModel.swift */; };
		6EAB826F2C473EBD00D75432 /* AllCharactersDZViewModel.swift in Sources */ = {isa = PBXBuildFile; fileRef = 6EAB826E2C473EBD00D75432 /* AllCharactersDZViewModel.swift */; };
		6EAB82712C473F1500D75432 /* ViewDZ.swift in Sources */ = {isa = PBXBuildFile; fileRef = 6EAB82702C473F1500D75432 /* ViewDZ.swift */; };
		6EAB82732C47412A00D75432 /* AllDragonsViewModel.swift in Sources */ = {isa = PBXBuildFile; fileRef = 6EAB82722C47412A00D75432 /* AllDragonsViewModel.swift */; };
		6EAB82752C47416000D75432 /* ViewDragons.swift in Sources */ = {isa = PBXBuildFile; fileRef = 6EAB82742C47416000D75432 /* ViewDragons.swift */; };
		B372A01C2C068E2300439428 /* DragonBallSwiftApp.swift in Sources */ = {isa = PBXBuildFile; fileRef = B372A01B2C068E2300439428 /* DragonBallSwiftApp.swift */; };
		B372A01E2C068E2300439428 /* ContentView.swift in Sources */ = {isa = PBXBuildFile; fileRef = B372A01D2C068E2300439428 /* ContentView.swift */; };
		B372A0202C068E2500439428 /* Assets.xcassets in Resources */ = {isa = PBXBuildFile; fileRef = B372A01F2C068E2500439428 /* Assets.xcassets */; };
		B372A0232C068E2500439428 /* Preview Assets.xcassets in Resources */ = {isa = PBXBuildFile; fileRef = B372A0222C068E2500439428 /* Preview Assets.xcassets */; };
/* End PBXBuildFile section */

/* Begin PBXFileReference section */
		5AE3DB3B2C51EAD000F95566 /* WikiView.swift */ = {isa = PBXFileReference; lastKnownFileType = sourcecode.swift; path = WikiView.swift; sourceTree = "<group>"; };
		6E52A9DB2C0A873C000F2162 /* MemoryGameViewModel.swift */ = {isa = PBXFileReference; lastKnownFileType = sourcecode.swift; path = MemoryGameViewModel.swift; sourceTree = "<group>"; };
		6E5619212C0B1D3F00D4D5C1 /* ViewDB.swift */ = {isa = PBXFileReference; lastKnownFileType = sourcecode.swift; path = ViewDB.swift; sourceTree = "<group>"; };
		6E600C7D2C07436F002408CE /* ApiError.swift */ = {isa = PBXFileReference; lastKnownFileType = sourcecode.swift; path = ApiError.swift; sourceTree = "<group>"; };
		6E600CE42C096A9F002408CE /* CardMemryModel.swift */ = {isa = PBXFileReference; fileEncoding = 4; lastKnownFileType = sourcecode.swift; path = CardMemryModel.swift; sourceTree = "<group>"; };
		6E600CE72C096B0A002408CE /* CardMemoryView.swift */ = {isa = PBXFileReference; fileEncoding = 4; lastKnownFileType = sourcecode.swift; path = CardMemoryView.swift; sourceTree = "<group>"; };
		6E600CE82C096B0A002408CE /* MemoryGameView.swift */ = {isa = PBXFileReference; fileEncoding = 4; lastKnownFileType = sourcecode.swift; path = MemoryGameView.swift; sourceTree = "<group>"; };
		6E600CEC2C096B49002408CE /* Styles.swift */ = {isa = PBXFileReference; fileEncoding = 4; lastKnownFileType = sourcecode.swift; path = Styles.swift; sourceTree = "<group>"; };
		6EA16BDF2C113C8200CBC7B6 /* GifImage.swift */ = {isa = PBXFileReference; lastKnownFileType = sourcecode.swift; path = GifImage.swift; sourceTree = "<group>"; };
		6EA16BE22C11410300CBC7B6 /* Gif1.gif */ = {isa = PBXFileReference; lastKnownFileType = image.gif; path = Gif1.gif; sourceTree = "<group>"; };
		6EAB82622C472D6F00D75432 /* ApiProtocol.swift */ = {isa = PBXFileReference; lastKnownFileType = sourcecode.swift; path = ApiProtocol.swift; sourceTree = "<group>"; };
		6EAB82642C472E9500D75432 /* DragonBallModel.swift */ = {isa = PBXFileReference; lastKnownFileType = sourcecode.swift; path = DragonBallModel.swift; sourceTree = "<group>"; };
		6EAB82662C47312F00D75432 /* AllCharactersDBDataService.swift */ = {isa = PBXFileReference; lastKnownFileType = sourcecode.swift; path = AllCharactersDBDataService.swift; sourceTree = "<group>"; };
		6EAB826A2C4734B800D75432 /* AllDragonsDataService.swift */ = {isa = PBXFileReference; lastKnownFileType = sourcecode.swift; path = AllDragonsDataService.swift; sourceTree = "<group>"; };
		6EAB826C2C47373800D75432 /* AllCharactersDBViewModel.swift */ = {isa = PBXFileReference; lastKnownFileType = sourcecode.swift; path = AllCharactersDBViewModel.swift; sourceTree = "<group>"; };
		6EAB826E2C473EBD00D75432 /* AllCharactersDZViewModel.swift */ = {isa = PBXFileReference; lastKnownFileType = sourcecode.swift; path = AllCharactersDZViewModel.swift; sourceTree = "<group>"; };
		6EAB82702C473F1500D75432 /* ViewDZ.swift */ = {isa = PBXFileReference; lastKnownFileType = sourcecode.swift; path = ViewDZ.swift; sourceTree = "<group>"; };
		6EAB82722C47412A00D75432 /* AllDragonsViewModel.swift */ = {isa = PBXFileReference; lastKnownFileType = sourcecode.swift; path = AllDragonsViewModel.swift; sourceTree = "<group>"; };
		6EAB82742C47416000D75432 /* ViewDragons.swift */ = {isa = PBXFileReference; lastKnownFileType = sourcecode.swift; name = ViewDragons.swift; path = MemoryGame/ViewDragons.swift; sourceTree = "<group>"; };
		B372A0182C068E2300439428 /* DragonBallSwift.app */ = {isa = PBXFileReference; explicitFileType = wrapper.application; includeInIndex = 0; path = DragonBallSwift.app; sourceTree = BUILT_PRODUCTS_DIR; };
		B372A01B2C068E2300439428 /* DragonBallSwiftApp.swift */ = {isa = PBXFileReference; lastKnownFileType = sourcecode.swift; path = DragonBallSwiftApp.swift; sourceTree = "<group>"; };
		B372A01D2C068E2300439428 /* ContentView.swift */ = {isa = PBXFileReference; lastKnownFileType = sourcecode.swift; path = ContentView.swift; sourceTree = "<group>"; };
		B372A01F2C068E2500439428 /* Assets.xcassets */ = {isa = PBXFileReference; lastKnownFileType = folder.assetcatalog; path = Assets.xcassets; sourceTree = "<group>"; };
		B372A0222C068E2500439428 /* Preview Assets.xcassets */ = {isa = PBXFileReference; lastKnownFileType = folder.assetcatalog; path = "Preview Assets.xcassets"; sourceTree = "<group>"; };
/* End PBXFileReference section */

/* Begin PBXFrameworksBuildPhase section */
		B372A0152C068E2300439428 /* Frameworks */ = {
			isa = PBXFrameworksBuildPhase;
			buildActionMask = 2147483647;
			files = (
			);
			runOnlyForDeploymentPostprocessing = 0;
		};
/* End PBXFrameworksBuildPhase section */

/* Begin PBXGroup section */
		5A2BCB152C51DBD1008DFBBE /* Wiki */ = {
			isa = PBXGroup;
			children = (
				5AE3DB3B2C51EAD000F95566 /* WikiView.swift */,
			);
			path = Wiki;
			sourceTree = "<group>";
		};
		6E52A9DA2C0A86E5000F2162 /* MemoriGameViewModel */ = {
			isa = PBXGroup;
			children = (
				6E52A9DB2C0A873C000F2162 /* MemoryGameViewModel.swift */,
			);
			path = MemoriGameViewModel;
			sourceTree = "<group>";
		};
		6E52A9DD2C0A8A72000F2162 /* ViewModelApi */ = {
			isa = PBXGroup;
			children = (
				6EAB826C2C47373800D75432 /* AllCharactersDBViewModel.swift */,
				6EAB826E2C473EBD00D75432 /* AllCharactersDZViewModel.swift */,
				6EAB82722C47412A00D75432 /* AllDragonsViewModel.swift */,
			);
			path = ViewModelApi;
			sourceTree = "<group>";
		};
		6E600C642C06927F002408CE /* Model */ = {
			isa = PBXGroup;
			children = (
				6E600CE52C096A9F002408CE /* ModelMemoryGame */,
				6E600C7C2C07401D002408CE /* ModeloApi */,
			);
			path = Model;
			sourceTree = "<group>";
		};
		6E600C652C0692C0002408CE /* ViewModel */ = {
			isa = PBXGroup;
			children = (
				6E52A9DD2C0A8A72000F2162 /* ViewModelApi */,
				6E52A9DA2C0A86E5000F2162 /* MemoriGameViewModel */,
			);
			path = ViewModel;
			sourceTree = "<group>";
		};
		6E600C662C0692FA002408CE /* View */ = {
			isa = PBXGroup;
			children = (
				5A2BCB152C51DBD1008DFBBE /* Wiki */,
				6E600CE92C096B0A002408CE /* MemoryGame */,
				6E5619212C0B1D3F00D4D5C1 /* ViewDB.swift */,
				6EAB82702C473F1500D75432 /* ViewDZ.swift */,
				6EAB82742C47416000D75432 /* ViewDragons.swift */,
				B372A01D2C068E2300439428 /* ContentView.swift */,
				B372A01B2C068E2300439428 /* DragonBallSwiftApp.swift */,
			);
			path = View;
			sourceTree = "<group>";
		};
		6E600C712C072E85002408CE /* Server */ = {
			isa = PBXGroup;
			children = (
				6EAB82662C47312F00D75432 /* AllCharactersDBDataService.swift */,
				6EAB826A2C4734B800D75432 /* AllDragonsDataService.swift */,
			);
			path = Server;
			sourceTree = "<group>";
		};
		6E600C722C072F29002408CE /* Tools */ = {
			isa = PBXGroup;
			children = (
				6E600CE12C08936E002408CE /* StyleMemoryGame */,
				6EA16BDF2C113C8200CBC7B6 /* GifImage.swift */,
				6E600C7D2C07436F002408CE /* ApiError.swift */,
				6EAB82622C472D6F00D75432 /* ApiProtocol.swift */,
			);
			path = Tools;
			sourceTree = "<group>";
		};
		6E600C7C2C07401D002408CE /* ModeloApi */ = {
			isa = PBXGroup;
			children = (
				6EAB82642C472E9500D75432 /* DragonBallModel.swift */,
			);
			path = ModeloApi;
			sourceTree = "<group>";
		};
		6E600CE12C08936E002408CE /* StyleMemoryGame */ = {
			isa = PBXGroup;
			children = (
				6E600CEC2C096B49002408CE /* Styles.swift */,
			);
			path = StyleMemoryGame;
			sourceTree = "<group>";
		};
		6E600CE52C096A9F002408CE /* ModelMemoryGame */ = {
			isa = PBXGroup;
			children = (
				6E600CE42C096A9F002408CE /* CardMemryModel.swift */,
			);
			path = ModelMemoryGame;
			sourceTree = "<group>";
		};
		6E600CE92C096B0A002408CE /* MemoryGame */ = {
			isa = PBXGroup;
			children = (
				6E600CE72C096B0A002408CE /* CardMemoryView.swift */,
				6E600CE82C096B0A002408CE /* MemoryGameView.swift */,
			);
			path = MemoryGame;
			sourceTree = "<group>";
		};
		6EA16BE12C1140ED00CBC7B6 /* GifImagen */ = {
			isa = PBXGroup;
			children = (
				6EA16BE22C11410300CBC7B6 /* Gif1.gif */,
			);
			path = GifImagen;
			sourceTree = "<group>";
		};
		B372A00F2C068E2300439428 = {
			isa = PBXGroup;
			children = (
				B372A01A2C068E2300439428 /* DragonBallSwift */,
				B372A0192C068E2300439428 /* Products */,
			);
			sourceTree = "<group>";
		};
		B372A0192C068E2300439428 /* Products */ = {
			isa = PBXGroup;
			children = (
				B372A0182C068E2300439428 /* DragonBallSwift.app */,
			);
			name = Products;
			sourceTree = "<group>";
		};
		B372A01A2C068E2300439428 /* DragonBallSwift */ = {
			isa = PBXGroup;
			children = (
				6EA16BE12C1140ED00CBC7B6 /* GifImagen */,
				6E600C722C072F29002408CE /* Tools */,
				6E600C712C072E85002408CE /* Server */,
				6E600C642C06927F002408CE /* Model */,
				6E600C652C0692C0002408CE /* ViewModel */,
				6E600C662C0692FA002408CE /* View */,
				B372A01F2C068E2500439428 /* Assets.xcassets */,
				B372A0212C068E2500439428 /* Preview Content */,
			);
			path = DragonBallSwift;
			sourceTree = "<group>";
		};
		B372A0212C068E2500439428 /* Preview Content */ = {
			isa = PBXGroup;
			children = (
				B372A0222C068E2500439428 /* Preview Assets.xcassets */,
			);
			path = "Preview Content";
			sourceTree = "<group>";
		};
/* End PBXGroup section */

/* Begin PBXNativeTarget section */
		B372A0172C068E2300439428 /* DragonBallSwift */ = {
			isa = PBXNativeTarget;
			buildConfigurationList = B372A0262C068E2500439428 /* Build configuration list for PBXNativeTarget "DragonBallSwift" */;
			buildPhases = (
				B372A0142C068E2300439428 /* Sources */,
				B372A0152C068E2300439428 /* Frameworks */,
				B372A0162C068E2300439428 /* Resources */,
			);
			buildRules = (
			);
			dependencies = (
			);
			name = DragonBallSwift;
			productName = DragonBallSwift;
			productReference = B372A0182C068E2300439428 /* DragonBallSwift.app */;
			productType = "com.apple.product-type.application";
		};
/* End PBXNativeTarget section */

/* Begin PBXProject section */
		B372A0102C068E2300439428 /* Project object */ = {
			isa = PBXProject;
			attributes = {
				BuildIndependentTargetsInParallel = 1;
				LastSwiftUpdateCheck = 1540;
				LastUpgradeCheck = 1540;
				TargetAttributes = {
					B372A0172C068E2300439428 = {
						CreatedOnToolsVersion = 15.4;
					};
				};
			};
			buildConfigurationList = B372A0132C068E2300439428 /* Build configuration list for PBXProject "DragonBallSwift" */;
			compatibilityVersion = "Xcode 14.0";
			developmentRegion = en;
			hasScannedForEncodings = 0;
			knownRegions = (
				en,
				Base,
			);
			mainGroup = B372A00F2C068E2300439428;
			productRefGroup = B372A0192C068E2300439428 /* Products */;
			projectDirPath = "";
			projectRoot = "";
			targets = (
				B372A0172C068E2300439428 /* DragonBallSwift */,
			);
		};
/* End PBXProject section */

/* Begin PBXResourcesBuildPhase section */
		B372A0162C068E2300439428 /* Resources */ = {
			isa = PBXResourcesBuildPhase;
			buildActionMask = 2147483647;
			files = (
				B372A0232C068E2500439428 /* Preview Assets.xcassets in Resources */,
				6EA16BE32C11410300CBC7B6 /* Gif1.gif in Resources */,
				B372A0202C068E2500439428 /* Assets.xcassets in Resources */,
			);
			runOnlyForDeploymentPostprocessing = 0;
		};
/* End PBXResourcesBuildPhase section */

/* Begin PBXSourcesBuildPhase section */
		B372A0142C068E2300439428 /* Sources */ = {
			isa = PBXSourcesBuildPhase;
			buildActionMask = 2147483647;
			files = (
				B372A01E2C068E2300439428 /* ContentView.swift in Sources */,
				B372A01C2C068E2300439428 /* DragonBallSwiftApp.swift in Sources */,
				6EAB82712C473F1500D75432 /* ViewDZ.swift in Sources */,
				6E600CE62C096A9F002408CE /* CardMemryModel.swift in Sources */,
				6EAB82652C472E9500D75432 /* DragonBallModel.swift in Sources */,
				6EAB82752C47416000D75432 /* ViewDragons.swift in Sources */,
				6EAB826D2C47373800D75432 /* AllCharactersDBViewModel.swift in Sources */,
				6EAB82632C472D6F00D75432 /* ApiProtocol.swift in Sources */,
				6E5619222C0B1D3F00D4D5C1 /* ViewDB.swift in Sources */,
				6E52A9DC2C0A873C000F2162 /* MemoryGameViewModel.swift in Sources */,
				6EAB82732C47412A00D75432 /* AllDragonsViewModel.swift in Sources */,
				6EAB82672C47312F00D75432 /* AllCharactersDBDataService.swift in Sources */,
				6E600CEB2C096B0A002408CE /* MemoryGameView.swift in Sources */,
				6EA16BE02C113C8200CBC7B6 /* GifImage.swift in Sources */,
				6EAB826B2C4734B800D75432 /* AllDragonsDataService.swift in Sources */,
				6E600C7E2C07436F002408CE /* ApiError.swift in Sources */,
				5AE3DB3C2C51EAD000F95566 /* WikiView.swift in Sources */,
				6E600CED2C096B49002408CE /* Styles.swift in Sources */,
				6E600CEA2C096B0A002408CE /* CardMemoryView.swift in Sources */,
				6EAB826F2C473EBD00D75432 /* AllCharactersDZViewModel.swift in Sources */,
			);
			runOnlyForDeploymentPostprocessing = 0;
		};
/* End PBXSourcesBuildPhase section */

/* Begin XCBuildConfiguration section */
		B372A0242C068E2500439428 /* Debug */ = {
			isa = XCBuildConfiguration;
			buildSettings = {
				ALWAYS_SEARCH_USER_PATHS = NO;
				ASSETCATALOG_COMPILER_GENERATE_SWIFT_ASSET_SYMBOL_EXTENSIONS = YES;
				CLANG_ANALYZER_NONNULL = YES;
				CLANG_ANALYZER_NUMBER_OBJECT_CONVERSION = YES_AGGRESSIVE;
				CLANG_CXX_LANGUAGE_STANDARD = "gnu++20";
				CLANG_ENABLE_MODULES = YES;
				CLANG_ENABLE_OBJC_ARC = YES;
				CLANG_ENABLE_OBJC_WEAK = YES;
				CLANG_WARN_BLOCK_CAPTURE_AUTORELEASING = YES;
				CLANG_WARN_BOOL_CONVERSION = YES;
				CLANG_WARN_COMMA = YES;
				CLANG_WARN_CONSTANT_CONVERSION = YES;
				CLANG_WARN_DEPRECATED_OBJC_IMPLEMENTATIONS = YES;
				CLANG_WARN_DIRECT_OBJC_ISA_USAGE = YES_ERROR;
				CLANG_WARN_DOCUMENTATION_COMMENTS = YES;
				CLANG_WARN_EMPTY_BODY = YES;
				CLANG_WARN_ENUM_CONVERSION = YES;
				CLANG_WARN_INFINITE_RECURSION = YES;
				CLANG_WARN_INT_CONVERSION = YES;
				CLANG_WARN_NON_LITERAL_NULL_CONVERSION = YES;
				CLANG_WARN_OBJC_IMPLICIT_RETAIN_SELF = YES;
				CLANG_WARN_OBJC_LITERAL_CONVERSION = YES;
				CLANG_WARN_OBJC_ROOT_CLASS = YES_ERROR;
				CLANG_WARN_QUOTED_INCLUDE_IN_FRAMEWORK_HEADER = YES;
				CLANG_WARN_RANGE_LOOP_ANALYSIS = YES;
				CLANG_WARN_STRICT_PROTOTYPES = YES;
				CLANG_WARN_SUSPICIOUS_MOVE = YES;
				CLANG_WARN_UNGUARDED_AVAILABILITY = YES_AGGRESSIVE;
				CLANG_WARN_UNREACHABLE_CODE = YES;
				CLANG_WARN__DUPLICATE_METHOD_MATCH = YES;
				COPY_PHASE_STRIP = NO;
				DEBUG_INFORMATION_FORMAT = dwarf;
				ENABLE_STRICT_OBJC_MSGSEND = YES;
				ENABLE_TESTABILITY = YES;
				ENABLE_USER_SCRIPT_SANDBOXING = YES;
				GCC_C_LANGUAGE_STANDARD = gnu17;
				GCC_DYNAMIC_NO_PIC = NO;
				GCC_NO_COMMON_BLOCKS = YES;
				GCC_OPTIMIZATION_LEVEL = 0;
				GCC_PREPROCESSOR_DEFINITIONS = (
					"DEBUG=1",
					"$(inherited)",
				);
				GCC_WARN_64_TO_32_BIT_CONVERSION = YES;
				GCC_WARN_ABOUT_RETURN_TYPE = YES_ERROR;
				GCC_WARN_UNDECLARED_SELECTOR = YES;
				GCC_WARN_UNINITIALIZED_AUTOS = YES_AGGRESSIVE;
				GCC_WARN_UNUSED_FUNCTION = YES;
				GCC_WARN_UNUSED_VARIABLE = YES;
				IPHONEOS_DEPLOYMENT_TARGET = 17.5;
				LOCALIZATION_PREFERS_STRING_CATALOGS = YES;
				MTL_ENABLE_DEBUG_INFO = INCLUDE_SOURCE;
				MTL_FAST_MATH = YES;
				ONLY_ACTIVE_ARCH = YES;
				SDKROOT = iphoneos;
				SWIFT_ACTIVE_COMPILATION_CONDITIONS = "DEBUG $(inherited)";
				SWIFT_OPTIMIZATION_LEVEL = "-Onone";
			};
			name = Debug;
		};
		B372A0252C068E2500439428 /* Release */ = {
			isa = XCBuildConfiguration;
			buildSettings = {
				ALWAYS_SEARCH_USER_PATHS = NO;
				ASSETCATALOG_COMPILER_GENERATE_SWIFT_ASSET_SYMBOL_EXTENSIONS = YES;
				CLANG_ANALYZER_NONNULL = YES;
				CLANG_ANALYZER_NUMBER_OBJECT_CONVERSION = YES_AGGRESSIVE;
				CLANG_CXX_LANGUAGE_STANDARD = "gnu++20";
				CLANG_ENABLE_MODULES = YES;
				CLANG_ENABLE_OBJC_ARC = YES;
				CLANG_ENABLE_OBJC_WEAK = YES;
				CLANG_WARN_BLOCK_CAPTURE_AUTORELEASING = YES;
				CLANG_WARN_BOOL_CONVERSION = YES;
				CLANG_WARN_COMMA = YES;
				CLANG_WARN_CONSTANT_CONVERSION = YES;
				CLANG_WARN_DEPRECATED_OBJC_IMPLEMENTATIONS = YES;
				CLANG_WARN_DIRECT_OBJC_ISA_USAGE = YES_ERROR;
				CLANG_WARN_DOCUMENTATION_COMMENTS = YES;
				CLANG_WARN_EMPTY_BODY = YES;
				CLANG_WARN_ENUM_CONVERSION = YES;
				CLANG_WARN_INFINITE_RECURSION = YES;
				CLANG_WARN_INT_CONVERSION = YES;
				CLANG_WARN_NON_LITERAL_NULL_CONVERSION = YES;
				CLANG_WARN_OBJC_IMPLICIT_RETAIN_SELF = YES;
				CLANG_WARN_OBJC_LITERAL_CONVERSION = YES;
				CLANG_WARN_OBJC_ROOT_CLASS = YES_ERROR;
				CLANG_WARN_QUOTED_INCLUDE_IN_FRAMEWORK_HEADER = YES;
				CLANG_WARN_RANGE_LOOP_ANALYSIS = YES;
				CLANG_WARN_STRICT_PROTOTYPES = YES;
				CLANG_WARN_SUSPICIOUS_MOVE = YES;
				CLANG_WARN_UNGUARDED_AVAILABILITY = YES_AGGRESSIVE;
				CLANG_WARN_UNREACHABLE_CODE = YES;
				CLANG_WARN__DUPLICATE_METHOD_MATCH = YES;
				COPY_PHASE_STRIP = NO;
				DEBUG_INFORMATION_FORMAT = "dwarf-with-dsym";
				ENABLE_NS_ASSERTIONS = NO;
				ENABLE_STRICT_OBJC_MSGSEND = YES;
				ENABLE_USER_SCRIPT_SANDBOXING = YES;
				GCC_C_LANGUAGE_STANDARD = gnu17;
				GCC_NO_COMMON_BLOCKS = YES;
				GCC_WARN_64_TO_32_BIT_CONVERSION = YES;
				GCC_WARN_ABOUT_RETURN_TYPE = YES_ERROR;
				GCC_WARN_UNDECLARED_SELECTOR = YES;
				GCC_WARN_UNINITIALIZED_AUTOS = YES_AGGRESSIVE;
				GCC_WARN_UNUSED_FUNCTION = YES;
				GCC_WARN_UNUSED_VARIABLE = YES;
				IPHONEOS_DEPLOYMENT_TARGET = 17.5;
				LOCALIZATION_PREFERS_STRING_CATALOGS = YES;
				MTL_ENABLE_DEBUG_INFO = NO;
				MTL_FAST_MATH = YES;
				SDKROOT = iphoneos;
				SWIFT_COMPILATION_MODE = wholemodule;
				VALIDATE_PRODUCT = YES;
			};
			name = Release;
		};
		B372A0272C068E2500439428 /* Debug */ = {
			isa = XCBuildConfiguration;
			buildSettings = {
				ASSETCATALOG_COMPILER_APPICON_NAME = AppIcon;
				ASSETCATALOG_COMPILER_GLOBAL_ACCENT_COLOR_NAME = AccentColor;
				CODE_SIGN_STYLE = Automatic;
				CURRENT_PROJECT_VERSION = 1;
				DEVELOPMENT_ASSET_PATHS = "\"DragonBallSwift/Preview Content\"";
				ENABLE_PREVIEWS = YES;
				GENERATE_INFOPLIST_FILE = YES;
				INFOPLIST_KEY_UIApplicationSceneManifest_Generation = YES;
				INFOPLIST_KEY_UIApplicationSupportsIndirectInputEvents = YES;
				INFOPLIST_KEY_UILaunchScreen_Generation = YES;
				INFOPLIST_KEY_UISupportedInterfaceOrientations_iPad = "UIInterfaceOrientationPortrait UIInterfaceOrientationPortraitUpsideDown UIInterfaceOrientationLandscapeLeft UIInterfaceOrientationLandscapeRight";
				INFOPLIST_KEY_UISupportedInterfaceOrientations_iPhone = "UIInterfaceOrientationPortrait UIInterfaceOrientationLandscapeLeft UIInterfaceOrientationLandscapeRight";
				LD_RUNPATH_SEARCH_PATHS = (
					"$(inherited)",
					"@executable_path/Frameworks",
				);
				MARKETING_VERSION = 1.0;
				PRODUCT_BUNDLE_IDENTIFIER = "Grupo-de-estudio.DragonBallSwift";
				PRODUCT_NAME = "$(TARGET_NAME)";
				SWIFT_EMIT_LOC_STRINGS = YES;
				SWIFT_VERSION = 5.0;
				TARGETED_DEVICE_FAMILY = "1,2";
			};
			name = Debug;
		};
		B372A0282C068E2500439428 /* Release */ = {
			isa = XCBuildConfiguration;
			buildSettings = {
				ASSETCATALOG_COMPILER_APPICON_NAME = AppIcon;
				ASSETCATALOG_COMPILER_GLOBAL_ACCENT_COLOR_NAME = AccentColor;
				CODE_SIGN_STYLE = Automatic;
				CURRENT_PROJECT_VERSION = 1;
				DEVELOPMENT_ASSET_PATHS = "\"DragonBallSwift/Preview Content\"";
				ENABLE_PREVIEWS = YES;
				GENERATE_INFOPLIST_FILE = YES;
				INFOPLIST_KEY_UIApplicationSceneManifest_Generation = YES;
				INFOPLIST_KEY_UIApplicationSupportsIndirectInputEvents = YES;
				INFOPLIST_KEY_UILaunchScreen_Generation = YES;
				INFOPLIST_KEY_UISupportedInterfaceOrientations_iPad = "UIInterfaceOrientationPortrait UIInterfaceOrientationPortraitUpsideDown UIInterfaceOrientationLandscapeLeft UIInterfaceOrientationLandscapeRight";
				INFOPLIST_KEY_UISupportedInterfaceOrientations_iPhone = "UIInterfaceOrientationPortrait UIInterfaceOrientationLandscapeLeft UIInterfaceOrientationLandscapeRight";
				LD_RUNPATH_SEARCH_PATHS = (
					"$(inherited)",
					"@executable_path/Frameworks",
				);
				MARKETING_VERSION = 1.0;
				PRODUCT_BUNDLE_IDENTIFIER = "Grupo-de-estudio.DragonBallSwift";
				PRODUCT_NAME = "$(TARGET_NAME)";
				SWIFT_EMIT_LOC_STRINGS = YES;
				SWIFT_VERSION = 5.0;
				TARGETED_DEVICE_FAMILY = "1,2";
			};
			name = Release;
		};
/* End XCBuildConfiguration section */

/* Begin XCConfigurationList section */
		B372A0132C068E2300439428 /* Build configuration list for PBXProject "DragonBallSwift" */ = {
			isa = XCConfigurationList;
			buildConfigurations = (
				B372A0242C068E2500439428 /* Debug */,
				B372A0252C068E2500439428 /* Release */,
			);
			defaultConfigurationIsVisible = 0;
			defaultConfigurationName = Release;
		};
		B372A0262C068E2500439428 /* Build configuration list for PBXNativeTarget "DragonBallSwift" */ = {
			isa = XCConfigurationList;
			buildConfigurations = (
				B372A0272C068E2500439428 /* Debug */,
				B372A0282C068E2500439428 /* Release */,
			);
			defaultConfigurationIsVisible = 0;
			defaultConfigurationName = Release;
		};
/* End XCConfigurationList section */
	};
	rootObject = B372A0102C068E2300439428 /* Project object */;
}
