// !$*UTF8*$!
{
	archiveVersion = 1;
	classes = {
	};
	objectVersion = 56;
	objects = {

/* Begin PBXBuildFile section */
		5A33F8632C5726120025A4E2 /* AppDelegate.swift in Sources */ = {isa = PBXBuildFile; fileRef = 5A33F8622C5726120025A4E2 /* AppDelegate.swift */; };
		5A33F86E2C572ADE0025A4E2 /* GoogleService.swift in Sources */ = {isa = PBXBuildFile; fileRef = 5A33F86D2C572ADE0025A4E2 /* GoogleService.swift */; };
		5A33F8702C572B5F0025A4E2 /* UserLoginState.swift in Sources */ = {isa = PBXBuildFile; fileRef = 5A33F86F2C572B5F0025A4E2 /* UserLoginState.swift */; };
		5A33F8732C57313F0025A4E2 /* FirebaseAuth in Frameworks */ = {isa = PBXBuildFile; productRef = 5A33F8722C57313F0025A4E2 /* FirebaseAuth */; };
		5A33F8752C57313F0025A4E2 /* FirebaseFirestore in Frameworks */ = {isa = PBXBuildFile; productRef = 5A33F8742C57313F0025A4E2 /* FirebaseFirestore */; };
		5A33F8772C57313F0025A4E2 /* FirebaseFirestoreSwift in Frameworks */ = {isa = PBXBuildFile; productRef = 5A33F8762C57313F0025A4E2 /* FirebaseFirestoreSwift */; };
		5A33F8792C57313F0025A4E2 /* FirebaseStorage in Frameworks */ = {isa = PBXBuildFile; productRef = 5A33F8782C57313F0025A4E2 /* FirebaseStorage */; };
		5A33F87C2C5736CC0025A4E2 /* LoginView.swift in Sources */ = {isa = PBXBuildFile; fileRef = 5A33F87B2C5736CC0025A4E2 /* LoginView.swift */; };
		5A33F87E2C5737740025A4E2 /* ColorExtension.swift in Sources */ = {isa = PBXBuildFile; fileRef = 5A33F87D2C5737740025A4E2 /* ColorExtension.swift */; };
		5A33F8812C5741FE0025A4E2 /* GoogleSignIn in Frameworks */ = {isa = PBXBuildFile; productRef = 5A33F8802C5741FE0025A4E2 /* GoogleSignIn */; };
		5A33F8832C5741FE0025A4E2 /* GoogleSignInSwift in Frameworks */ = {isa = PBXBuildFile; productRef = 5A33F8822C5741FE0025A4E2 /* GoogleSignInSwift */; };
		5A33F8852C57467E0025A4E2 /* GoogleService-Info.plist in Resources */ = {isa = PBXBuildFile; fileRef = 5A33F8842C57467E0025A4E2 /* GoogleService-Info.plist */; };
		5A33F8892C57D0F70025A4E2 /* LoginViewModel.swift in Sources */ = {isa = PBXBuildFile; fileRef = 5A33F8882C57D0F70025A4E2 /* LoginViewModel.swift */; };
		5A40973C2C597CA200B61F23 /* FavoritesViewModel.swift in Sources */ = {isa = PBXBuildFile; fileRef = 5A40973B2C597CA200B61F23 /* FavoritesViewModel.swift */; };
		5A6AAF7B2C52D16900930C0A /* DragonsView.swift in Sources */ = {isa = PBXBuildFile; fileRef = 5A6AAF7A2C52D16900930C0A /* DragonsView.swift */; };
		5A6AAF7D2C52D28700930C0A /* GamesView.swift in Sources */ = {isa = PBXBuildFile; fileRef = 5A6AAF7C2C52D28700930C0A /* GamesView.swift */; };
		5A6AAF802C532D0A00930C0A /* BasicCharacterCardView.swift in Sources */ = {isa = PBXBuildFile; fileRef = 5A6AAF7F2C532D0A00930C0A /* BasicCharacterCardView.swift */; };
		5A849D5A2C5A9E7A000AA691 /* FavoriteCharacterDataService.swift in Sources */ = {isa = PBXBuildFile; fileRef = 5A849D592C5A9E7A000AA691 /* FavoriteCharacterDataService.swift */; };
		5A849D5C2C5AA3A4000AA691 /* FavoriteCharacter.swift in Sources */ = {isa = PBXBuildFile; fileRef = 5A849D5B2C5AA3A4000AA691 /* FavoriteCharacter.swift */; };
		5AABB10B2C6150CF00C595F6 /* Kingfisher in Frameworks */ = {isa = PBXBuildFile; productRef = 5AABB10A2C6150CF00C595F6 /* Kingfisher */; };
		5ABF74A22C5C5A79000AC558 /* SearchBarView.swift in Sources */ = {isa = PBXBuildFile; fileRef = 5ABF74A12C5C5A79000AC558 /* SearchBarView.swift */; };
		5AC483DB2C60204200F4878D /* FavoriteCharactersView.swift in Sources */ = {isa = PBXBuildFile; fileRef = 5AC483DA2C60204200F4878D /* FavoriteCharactersView.swift */; };
		5AE3DB3C2C51EAD000F95566 /* WikiView.swift in Sources */ = {isa = PBXBuildFile; fileRef = 5AE3DB3B2C51EAD000F95566 /* WikiView.swift */; };
		6E52A9DC2C0A873C000F2162 /* MemoryGameViewModel.swift in Sources */ = {isa = PBXBuildFile; fileRef = 6E52A9DB2C0A873C000F2162 /* MemoryGameViewModel.swift */; };
		6E5619222C0B1D3F00D4D5C1 /* DBCharactersView.swift in Sources */ = {isa = PBXBuildFile; fileRef = 6E5619212C0B1D3F00D4D5C1 /* DBCharactersView.swift */; };
		6E56739C2C5B7E17002CF2D7 /* ImgeExtension.swift in Sources */ = {isa = PBXBuildFile; fileRef = 6E56739B2C5B7E17002CF2D7 /* ImgeExtension.swift */; };
		6E56739E2C5B8094002CF2D7 /* CRImages.swift in Sources */ = {isa = PBXBuildFile; fileRef = 6E56739D2C5B8094002CF2D7 /* CRImages.swift */; };
		6E5673A12C5B96D3002CF2D7 /* SaiyanSans.ttf in Resources */ = {isa = PBXBuildFile; fileRef = 6E56739F2C5B96D2002CF2D7 /* SaiyanSans.ttf */; };
		6E5673A32C5C2780002CF2D7 /* SingleCharacterServer.swift in Sources */ = {isa = PBXBuildFile; fileRef = 6E5673A22C5C2780002CF2D7 /* SingleCharacterServer.swift */; };
		6E5673A72C5C320E002CF2D7 /* SingleCharacterDbViewModel.swift in Sources */ = {isa = PBXBuildFile; fileRef = 6E5673A62C5C320E002CF2D7 /* SingleCharacterDbViewModel.swift */; };
		6E5673A92C5C3F6E002CF2D7 /* SingleCharacterDZViewModel.swift in Sources */ = {isa = PBXBuildFile; fileRef = 6E5673A82C5C3F6E002CF2D7 /* SingleCharacterDZViewModel.swift */; };
		6E56B1482C546E1B00098F2C /* tumblr_5d02caa6c1505584156a309d7c38a5d5_ef84c56e_250.gif in Resources */ = {isa = PBXBuildFile; fileRef = 6E56B1472C546E1B00098F2C /* tumblr_5d02caa6c1505584156a309d7c38a5d5_ef84c56e_250.gif */; };
		6E56B1762C585E1700098F2C /* ExtensionsTetrix.swift in Sources */ = {isa = PBXBuildFile; fileRef = 6E56B1752C585E1700098F2C /* ExtensionsTetrix.swift */; };
		6E56B1782C585E7600098F2C /* Protocol.swift in Sources */ = {isa = PBXBuildFile; fileRef = 6E56B1772C585E7600098F2C /* Protocol.swift */; };
		6E56B17B2C585F4600098F2C /* SquareShape.swift in Sources */ = {isa = PBXBuildFile; fileRef = 6E56B17A2C585F4600098F2C /* SquareShape.swift */; };
		6E56B17D2C585F8000098F2C /* IShape.swift in Sources */ = {isa = PBXBuildFile; fileRef = 6E56B17C2C585F8000098F2C /* IShape.swift */; };
		6E56B17F2C585FB100098F2C /* TShape.swift in Sources */ = {isa = PBXBuildFile; fileRef = 6E56B17E2C585FB100098F2C /* TShape.swift */; };
		6E56B1812C585FD100098F2C /* LShape.swift in Sources */ = {isa = PBXBuildFile; fileRef = 6E56B1802C585FD100098F2C /* LShape.swift */; };
		6E56B1832C58600300098F2C /* JShape.swift in Sources */ = {isa = PBXBuildFile; fileRef = 6E56B1822C58600300098F2C /* JShape.swift */; };
		6E56B1852C58602000098F2C /* SShape.swift in Sources */ = {isa = PBXBuildFile; fileRef = 6E56B1842C58602000098F2C /* SShape.swift */; };
		6E56B1872C58604C00098F2C /* ZShape.swift in Sources */ = {isa = PBXBuildFile; fileRef = 6E56B1862C58604C00098F2C /* ZShape.swift */; };
		6E56B1892C58607C00098F2C /* SquereGame.swift in Sources */ = {isa = PBXBuildFile; fileRef = 6E56B1882C58607B00098F2C /* SquereGame.swift */; };
		6E56B18B2C5860A300098F2C /* GridPosition.swift in Sources */ = {isa = PBXBuildFile; fileRef = 6E56B18A2C5860A300098F2C /* GridPosition.swift */; };
		6E56B18D2C58614000098F2C /* TetrisViewModel.swift in Sources */ = {isa = PBXBuildFile; fileRef = 6E56B18C2C58614000098F2C /* TetrisViewModel.swift */; };
		6E56B18F2C5861D000098F2C /* HomeTreixView.swift in Sources */ = {isa = PBXBuildFile; fileRef = 6E56B18E2C5861D000098F2C /* HomeTreixView.swift */; };
		6E56B1912C5862CA00098F2C /* GridView.swift in Sources */ = {isa = PBXBuildFile; fileRef = 6E56B1902C5862CA00098F2C /* GridView.swift */; };
		6E56B1932C5862FB00098F2C /* ControlsView.swift in Sources */ = {isa = PBXBuildFile; fileRef = 6E56B1922C5862FB00098F2C /* ControlsView.swift */; };
		6E56B1952C58635500098F2C /* ButtonView.swift in Sources */ = {isa = PBXBuildFile; fileRef = 6E56B1942C58635500098F2C /* ButtonView.swift */; };
		6E56B1972C5863AB00098F2C /* IconsButtons.swift in Sources */ = {isa = PBXBuildFile; fileRef = 6E56B1962C5863AB00098F2C /* IconsButtons.swift */; };
		6E56B1992C58640C00098F2C /* Scoreboard.swift in Sources */ = {isa = PBXBuildFile; fileRef = 6E56B1982C58640C00098F2C /* Scoreboard.swift */; };
		6E600C7E2C07436F002408CE /* ApiError.swift in Sources */ = {isa = PBXBuildFile; fileRef = 6E600C7D2C07436F002408CE /* ApiError.swift */; };
		6E600CE62C096A9F002408CE /* CardMemryModel.swift in Sources */ = {isa = PBXBuildFile; fileRef = 6E600CE42C096A9F002408CE /* CardMemryModel.swift */; };
		6E600CEA2C096B0A002408CE /* CardMemoryView.swift in Sources */ = {isa = PBXBuildFile; fileRef = 6E600CE72C096B0A002408CE /* CardMemoryView.swift */; };
		6E600CEB2C096B0A002408CE /* MemoryGameView.swift in Sources */ = {isa = PBXBuildFile; fileRef = 6E600CE82C096B0A002408CE /* MemoryGameView.swift */; };
		6E600CED2C096B49002408CE /* Styles.swift in Sources */ = {isa = PBXBuildFile; fileRef = 6E600CEC2C096B49002408CE /* Styles.swift */; };
		6E823E122C6779160063C8C8 /* GameOverMGView.swift in Sources */ = {isa = PBXBuildFile; fileRef = 6E823E112C6779160063C8C8 /* GameOverMGView.swift */; };
		6EA16BE02C113C8200CBC7B6 /* GifImage.swift in Sources */ = {isa = PBXBuildFile; fileRef = 6EA16BDF2C113C8200CBC7B6 /* GifImage.swift */; };
		6EA16BE32C11410300CBC7B6 /* Gif1.gif in Resources */ = {isa = PBXBuildFile; fileRef = 6EA16BE22C11410300CBC7B6 /* Gif1.gif */; };
		6EAB82632C472D6F00D75432 /* ApiProtocol.swift in Sources */ = {isa = PBXBuildFile; fileRef = 6EAB82622C472D6F00D75432 /* ApiProtocol.swift */; };
		6EAB82652C472E9500D75432 /* DragonBallModel.swift in Sources */ = {isa = PBXBuildFile; fileRef = 6EAB82642C472E9500D75432 /* DragonBallModel.swift */; };
		6EAB82672C47312F00D75432 /* AllCharactersDBDataService.swift in Sources */ = {isa = PBXBuildFile; fileRef = 6EAB82662C47312F00D75432 /* AllCharactersDBDataService.swift */; };
		6EAB826B2C4734B800D75432 /* AllDragonsDataService.swift in Sources */ = {isa = PBXBuildFile; fileRef = 6EAB826A2C4734B800D75432 /* AllDragonsDataService.swift */; };
		6EAB826D2C47373800D75432 /* AllCharactersDBViewModel.swift in Sources */ = {isa = PBXBuildFile; fileRef = 6EAB826C2C47373800D75432 /* AllCharactersDBViewModel.swift */; };
		6EAB826F2C473EBD00D75432 /* AllCharactersDZViewModel.swift in Sources */ = {isa = PBXBuildFile; fileRef = 6EAB826E2C473EBD00D75432 /* AllCharactersDZViewModel.swift */; };
		6EAB82712C473F1500D75432 /* DBZCharactersView.swift in Sources */ = {isa = PBXBuildFile; fileRef = 6EAB82702C473F1500D75432 /* DBZCharactersView.swift */; };
		6EAB82732C47412A00D75432 /* AllDragonsViewModel.swift in Sources */ = {isa = PBXBuildFile; fileRef = 6EAB82722C47412A00D75432 /* AllDragonsViewModel.swift */; };
		6EB264122C61769D004C8F4E /* GrowingButton.swift in Sources */ = {isa = PBXBuildFile; fileRef = 6EB264112C61769D004C8F4E /* GrowingButton.swift */; };
		6EB264142C617DDD004C8F4E /* GameOver.swift in Sources */ = {isa = PBXBuildFile; fileRef = 6EB264132C617DDD004C8F4E /* GameOver.swift */; };
		A51EFDEB2C6C84EB007E15C1 /* AppIntent.swift in Sources */ = {isa = PBXBuildFile; fileRef = A5EF78772C623B9700CB0D59 /* AppIntent.swift */; };
		A528727D2C624D69001AB797 /* Assets.xcassets in Resources */ = {isa = PBXBuildFile; fileRef = B372A01F2C068E2500439428 /* Assets.xcassets */; };
		A5997F852C65EE3200A4AFA1 /* AudioPlayerAttributesModel.swift in Sources */ = {isa = PBXBuildFile; fileRef = A5997F842C65EE3200A4AFA1 /* AudioPlayerAttributesModel.swift */; };
		A5997F872C65EEE700A4AFA1 /* AudioPlayerActivityUseCaseViewModel.swift in Sources */ = {isa = PBXBuildFile; fileRef = A5997F862C65EEE700A4AFA1 /* AudioPlayerActivityUseCaseViewModel.swift */; };
		A5997F892C65F10600A4AFA1 /* AudioPlayerAttributesModel.swift in Sources */ = {isa = PBXBuildFile; fileRef = A5997F842C65EE3200A4AFA1 /* AudioPlayerAttributesModel.swift */; };
		A5997F8A2C65FE7700A4AFA1 /* AudioPlayerActivityUseCaseViewModel.swift in Sources */ = {isa = PBXBuildFile; fileRef = A5997F862C65EEE700A4AFA1 /* AudioPlayerActivityUseCaseViewModel.swift */; };
		A5997F8B2C660D0300A4AFA1 /* PlayerView.swift in Sources */ = {isa = PBXBuildFile; fileRef = A5F3EF192C5FE56E00460521 /* PlayerView.swift */; };
		A5EF786E2C623B9700CB0D59 /* WidgetKit.framework in Frameworks */ = {isa = PBXBuildFile; fileRef = A5F3EF2D2C62355D00460521 /* WidgetKit.framework */; };
		A5EF786F2C623B9700CB0D59 /* SwiftUI.framework in Frameworks */ = {isa = PBXBuildFile; fileRef = A5F3EF2F2C62355D00460521 /* SwiftUI.framework */; };
		A5EF78742C623B9700CB0D59 /* AudioPlayerDynamicIslandLiveActivity.swift in Sources */ = {isa = PBXBuildFile; fileRef = A5EF78732C623B9700CB0D59 /* AudioPlayerDynamicIslandLiveActivity.swift */; };
		A5EF78782C623B9700CB0D59 /* AppIntent.swift in Sources */ = {isa = PBXBuildFile; fileRef = A5EF78772C623B9700CB0D59 /* AppIntent.swift */; };
		A5EF787A2C623B9800CB0D59 /* Assets.xcassets in Resources */ = {isa = PBXBuildFile; fileRef = A5EF78792C623B9800CB0D59 /* Assets.xcassets */; };
		A5EF787E2C623B9800CB0D59 /* AudioPlayerDynamicIslandExtension.appex in Embed Foundation Extensions */ = {isa = PBXBuildFile; fileRef = A5EF786D2C623B9700CB0D59 /* AudioPlayerDynamicIslandExtension.appex */; settings = {ATTRIBUTES = (RemoveHeadersOnCopy, ); }; };
		A5EF78822C62479600CB0D59 /* SongsPlayerViewModel.swift in Sources */ = {isa = PBXBuildFile; fileRef = A5F3EF1B2C5FE61300460521 /* SongsPlayerViewModel.swift */; };
		A5EF78832C6247A400CB0D59 /* SongsViewModel.swift in Sources */ = {isa = PBXBuildFile; fileRef = A5F3EF112C5FDC4C00460521 /* SongsViewModel.swift */; };
		A5EF78842C6247AF00CB0D59 /* SongsModel.swift in Sources */ = {isa = PBXBuildFile; fileRef = A5F3EF132C5FDD6600460521 /* SongsModel.swift */; };
		A5F3EEF02C5D46C200460521 /* Dragon Ball nº2.mp3 in Resources */ = {isa = PBXBuildFile; fileRef = A5F3EEE92C5D46C200460521 /* Dragon Ball nº2.mp3 */; };
		A5F3EEF12C5D46C200460521 /* Dragon Ball GT.mp3 in Resources */ = {isa = PBXBuildFile; fileRef = A5F3EEEA2C5D46C200460521 /* Dragon Ball GT.mp3 */; };
		A5F3EEF22C5D46C200460521 /* Dragon Ball Super.mp3 in Resources */ = {isa = PBXBuildFile; fileRef = A5F3EEEB2C5D46C200460521 /* Dragon Ball Super.mp3 */; };
		A5F3EEF32C5D46C200460521 /* Dragon Ball Z Kai.mp3 in Resources */ = {isa = PBXBuildFile; fileRef = A5F3EEEC2C5D46C200460521 /* Dragon Ball Z Kai.mp3 */; };
		A5F3EEF42C5D46C200460521 /* Dragon Ball Z.mp3 in Resources */ = {isa = PBXBuildFile; fileRef = A5F3EEED2C5D46C200460521 /* Dragon Ball Z.mp3 */; };
		A5F3EEF52C5D46C200460521 /* Dragon Ball nº1.mp3 in Resources */ = {isa = PBXBuildFile; fileRef = A5F3EEEE2C5D46C200460521 /* Dragon Ball nº1.mp3 */; };
		A5F3EF122C5FDC4C00460521 /* SongsViewModel.swift in Sources */ = {isa = PBXBuildFile; fileRef = A5F3EF112C5FDC4C00460521 /* SongsViewModel.swift */; };
		A5F3EF142C5FDD6600460521 /* SongsModel.swift in Sources */ = {isa = PBXBuildFile; fileRef = A5F3EF132C5FDD6600460521 /* SongsModel.swift */; };
		A5F3EF182C5FE52000460521 /* SongListView.swift in Sources */ = {isa = PBXBuildFile; fileRef = A5F3EF172C5FE52000460521 /* SongListView.swift */; };
		A5F3EF1A2C5FE56E00460521 /* PlayerView.swift in Sources */ = {isa = PBXBuildFile; fileRef = A5F3EF192C5FE56E00460521 /* PlayerView.swift */; };
		A5F3EF1C2C5FE61300460521 /* SongsPlayerViewModel.swift in Sources */ = {isa = PBXBuildFile; fileRef = A5F3EF1B2C5FE61300460521 /* SongsPlayerViewModel.swift */; };
		B31739EE2C54E870008CEA6F /* ViewDetails.swift in Sources */ = {isa = PBXBuildFile; fileRef = B31739ED2C54E870008CEA6F /* ViewDetails.swift */; };
		B372A01C2C068E2300439428 /* DragonBallSwiftApp.swift in Sources */ = {isa = PBXBuildFile; fileRef = B372A01B2C068E2300439428 /* DragonBallSwiftApp.swift */; };
		B372A01E2C068E2300439428 /* ContentView.swift in Sources */ = {isa = PBXBuildFile; fileRef = B372A01D2C068E2300439428 /* ContentView.swift */; };
		B372A0202C068E2500439428 /* Assets.xcassets in Resources */ = {isa = PBXBuildFile; fileRef = B372A01F2C068E2500439428 /* Assets.xcassets */; };
		B372A0232C068E2500439428 /* Preview Assets.xcassets in Resources */ = {isa = PBXBuildFile; fileRef = B372A0222C068E2500439428 /* Preview Assets.xcassets */; };
/* End PBXBuildFile section */

/* Begin PBXContainerItemProxy section */
		A5EF787C2C623B9800CB0D59 /* PBXContainerItemProxy */ = {
			isa = PBXContainerItemProxy;
			containerPortal = B372A0102C068E2300439428 /* Project object */;
			proxyType = 1;
			remoteGlobalIDString = A5EF786C2C623B9700CB0D59;
			remoteInfo = AudioPlayerDynamicIslandExtension;
		};
/* End PBXContainerItemProxy section */

/* Begin PBXCopyFilesBuildPhase section */
		A5F3EF402C62355F00460521 /* Embed Foundation Extensions */ = {
			isa = PBXCopyFilesBuildPhase;
			buildActionMask = 2147483647;
			dstPath = "";
			dstSubfolderSpec = 13;
			files = (
				A5EF787E2C623B9800CB0D59 /* AudioPlayerDynamicIslandExtension.appex in Embed Foundation Extensions */,
			);
			name = "Embed Foundation Extensions";
			runOnlyForDeploymentPostprocessing = 0;
		};
/* End PBXCopyFilesBuildPhase section */

/* Begin PBXFileReference section */
		5A33F8622C5726120025A4E2 /* AppDelegate.swift */ = {isa = PBXFileReference; lastKnownFileType = sourcecode.swift; path = AppDelegate.swift; sourceTree = "<group>"; };
		5A33F86B2C5728700025A4E2 /* Info.plist */ = {isa = PBXFileReference; lastKnownFileType = text.plist; path = Info.plist; sourceTree = "<group>"; };
		5A33F86D2C572ADE0025A4E2 /* GoogleService.swift */ = {isa = PBXFileReference; lastKnownFileType = sourcecode.swift; path = GoogleService.swift; sourceTree = "<group>"; };
		5A33F86F2C572B5F0025A4E2 /* UserLoginState.swift */ = {isa = PBXFileReference; lastKnownFileType = sourcecode.swift; path = UserLoginState.swift; sourceTree = "<group>"; };
		5A33F87B2C5736CC0025A4E2 /* LoginView.swift */ = {isa = PBXFileReference; lastKnownFileType = sourcecode.swift; path = LoginView.swift; sourceTree = "<group>"; };
		5A33F87D2C5737740025A4E2 /* ColorExtension.swift */ = {isa = PBXFileReference; lastKnownFileType = sourcecode.swift; path = ColorExtension.swift; sourceTree = "<group>"; };
		5A33F8842C57467E0025A4E2 /* GoogleService-Info.plist */ = {isa = PBXFileReference; fileEncoding = 4; lastKnownFileType = text.plist.xml; path = "GoogleService-Info.plist"; sourceTree = "<group>"; };
		5A33F8882C57D0F70025A4E2 /* LoginViewModel.swift */ = {isa = PBXFileReference; lastKnownFileType = sourcecode.swift; path = LoginViewModel.swift; sourceTree = "<group>"; };
		5A40973B2C597CA200B61F23 /* FavoritesViewModel.swift */ = {isa = PBXFileReference; lastKnownFileType = sourcecode.swift; path = FavoritesViewModel.swift; sourceTree = "<group>"; };
		5A6AAF7A2C52D16900930C0A /* DragonsView.swift */ = {isa = PBXFileReference; lastKnownFileType = sourcecode.swift; path = DragonsView.swift; sourceTree = "<group>"; };
		5A6AAF7C2C52D28700930C0A /* GamesView.swift */ = {isa = PBXFileReference; lastKnownFileType = sourcecode.swift; path = GamesView.swift; sourceTree = "<group>"; };
		5A6AAF7F2C532D0A00930C0A /* BasicCharacterCardView.swift */ = {isa = PBXFileReference; lastKnownFileType = sourcecode.swift; path = BasicCharacterCardView.swift; sourceTree = "<group>"; };
		5A849D592C5A9E7A000AA691 /* FavoriteCharacterDataService.swift */ = {isa = PBXFileReference; lastKnownFileType = sourcecode.swift; path = FavoriteCharacterDataService.swift; sourceTree = "<group>"; };
		5A849D5B2C5AA3A4000AA691 /* FavoriteCharacter.swift */ = {isa = PBXFileReference; lastKnownFileType = sourcecode.swift; path = FavoriteCharacter.swift; sourceTree = "<group>"; };
		5ABF74A12C5C5A79000AC558 /* SearchBarView.swift */ = {isa = PBXFileReference; lastKnownFileType = sourcecode.swift; path = SearchBarView.swift; sourceTree = "<group>"; };
		5AC483DA2C60204200F4878D /* FavoriteCharactersView.swift */ = {isa = PBXFileReference; lastKnownFileType = sourcecode.swift; path = FavoriteCharactersView.swift; sourceTree = "<group>"; };
		5AE3DB3B2C51EAD000F95566 /* WikiView.swift */ = {isa = PBXFileReference; lastKnownFileType = sourcecode.swift; path = WikiView.swift; sourceTree = "<group>"; };
		6E52A9DB2C0A873C000F2162 /* MemoryGameViewModel.swift */ = {isa = PBXFileReference; lastKnownFileType = sourcecode.swift; path = MemoryGameViewModel.swift; sourceTree = "<group>"; };
		6E5619212C0B1D3F00D4D5C1 /* DBCharactersView.swift */ = {isa = PBXFileReference; lastKnownFileType = sourcecode.swift; path = DBCharactersView.swift; sourceTree = "<group>"; };
		6E56739B2C5B7E17002CF2D7 /* ImgeExtension.swift */ = {isa = PBXFileReference; lastKnownFileType = sourcecode.swift; path = ImgeExtension.swift; sourceTree = "<group>"; };
		6E56739D2C5B8094002CF2D7 /* CRImages.swift */ = {isa = PBXFileReference; lastKnownFileType = sourcecode.swift; path = CRImages.swift; sourceTree = "<group>"; };
		6E56739F2C5B96D2002CF2D7 /* SaiyanSans.ttf */ = {isa = PBXFileReference; lastKnownFileType = file; path = SaiyanSans.ttf; sourceTree = "<group>"; };
		6E5673A22C5C2780002CF2D7 /* SingleCharacterServer.swift */ = {isa = PBXFileReference; lastKnownFileType = sourcecode.swift; path = SingleCharacterServer.swift; sourceTree = "<group>"; };
		6E5673A62C5C320E002CF2D7 /* SingleCharacterDbViewModel.swift */ = {isa = PBXFileReference; lastKnownFileType = sourcecode.swift; path = SingleCharacterDbViewModel.swift; sourceTree = "<group>"; };
		6E5673A82C5C3F6E002CF2D7 /* SingleCharacterDZViewModel.swift */ = {isa = PBXFileReference; lastKnownFileType = sourcecode.swift; path = SingleCharacterDZViewModel.swift; sourceTree = "<group>"; };
		6E56B1472C546E1B00098F2C /* tumblr_5d02caa6c1505584156a309d7c38a5d5_ef84c56e_250.gif */ = {isa = PBXFileReference; lastKnownFileType = image.gif; path = tumblr_5d02caa6c1505584156a309d7c38a5d5_ef84c56e_250.gif; sourceTree = "<group>"; };
		6E56B1752C585E1700098F2C /* ExtensionsTetrix.swift */ = {isa = PBXFileReference; lastKnownFileType = sourcecode.swift; path = ExtensionsTetrix.swift; sourceTree = "<group>"; };
		6E56B1772C585E7600098F2C /* Protocol.swift */ = {isa = PBXFileReference; lastKnownFileType = sourcecode.swift; path = Protocol.swift; sourceTree = "<group>"; };
		6E56B17A2C585F4600098F2C /* SquareShape.swift */ = {isa = PBXFileReference; lastKnownFileType = sourcecode.swift; path = SquareShape.swift; sourceTree = "<group>"; };
		6E56B17C2C585F8000098F2C /* IShape.swift */ = {isa = PBXFileReference; lastKnownFileType = sourcecode.swift; path = IShape.swift; sourceTree = "<group>"; };
		6E56B17E2C585FB100098F2C /* TShape.swift */ = {isa = PBXFileReference; lastKnownFileType = sourcecode.swift; path = TShape.swift; sourceTree = "<group>"; };
		6E56B1802C585FD100098F2C /* LShape.swift */ = {isa = PBXFileReference; lastKnownFileType = sourcecode.swift; path = LShape.swift; sourceTree = "<group>"; };
		6E56B1822C58600300098F2C /* JShape.swift */ = {isa = PBXFileReference; lastKnownFileType = sourcecode.swift; path = JShape.swift; sourceTree = "<group>"; };
		6E56B1842C58602000098F2C /* SShape.swift */ = {isa = PBXFileReference; lastKnownFileType = sourcecode.swift; path = SShape.swift; sourceTree = "<group>"; };
		6E56B1862C58604C00098F2C /* ZShape.swift */ = {isa = PBXFileReference; lastKnownFileType = sourcecode.swift; path = ZShape.swift; sourceTree = "<group>"; };
		6E56B1882C58607B00098F2C /* SquereGame.swift */ = {isa = PBXFileReference; lastKnownFileType = sourcecode.swift; path = SquereGame.swift; sourceTree = "<group>"; };
		6E56B18A2C5860A300098F2C /* GridPosition.swift */ = {isa = PBXFileReference; lastKnownFileType = sourcecode.swift; path = GridPosition.swift; sourceTree = "<group>"; };
		6E56B18C2C58614000098F2C /* TetrisViewModel.swift */ = {isa = PBXFileReference; lastKnownFileType = sourcecode.swift; path = TetrisViewModel.swift; sourceTree = "<group>"; };
		6E56B18E2C5861D000098F2C /* HomeTreixView.swift */ = {isa = PBXFileReference; lastKnownFileType = sourcecode.swift; path = HomeTreixView.swift; sourceTree = "<group>"; };
		6E56B1902C5862CA00098F2C /* GridView.swift */ = {isa = PBXFileReference; lastKnownFileType = sourcecode.swift; path = GridView.swift; sourceTree = "<group>"; };
		6E56B1922C5862FB00098F2C /* ControlsView.swift */ = {isa = PBXFileReference; lastKnownFileType = sourcecode.swift; path = ControlsView.swift; sourceTree = "<group>"; };
		6E56B1942C58635500098F2C /* ButtonView.swift */ = {isa = PBXFileReference; lastKnownFileType = sourcecode.swift; path = ButtonView.swift; sourceTree = "<group>"; };
		6E56B1962C5863AB00098F2C /* IconsButtons.swift */ = {isa = PBXFileReference; lastKnownFileType = sourcecode.swift; path = IconsButtons.swift; sourceTree = "<group>"; };
		6E56B1982C58640C00098F2C /* Scoreboard.swift */ = {isa = PBXFileReference; lastKnownFileType = sourcecode.swift; path = Scoreboard.swift; sourceTree = "<group>"; };
		6E600C7D2C07436F002408CE /* ApiError.swift */ = {isa = PBXFileReference; lastKnownFileType = sourcecode.swift; path = ApiError.swift; sourceTree = "<group>"; };
		6E600CE42C096A9F002408CE /* CardMemryModel.swift */ = {isa = PBXFileReference; fileEncoding = 4; lastKnownFileType = sourcecode.swift; path = CardMemryModel.swift; sourceTree = "<group>"; };
		6E600CE72C096B0A002408CE /* CardMemoryView.swift */ = {isa = PBXFileReference; fileEncoding = 4; lastKnownFileType = sourcecode.swift; path = CardMemoryView.swift; sourceTree = "<group>"; };
		6E600CE82C096B0A002408CE /* MemoryGameView.swift */ = {isa = PBXFileReference; fileEncoding = 4; lastKnownFileType = sourcecode.swift; path = MemoryGameView.swift; sourceTree = "<group>"; };
		6E600CEC2C096B49002408CE /* Styles.swift */ = {isa = PBXFileReference; fileEncoding = 4; lastKnownFileType = sourcecode.swift; path = Styles.swift; sourceTree = "<group>"; };
		6E823E112C6779160063C8C8 /* GameOverMGView.swift */ = {isa = PBXFileReference; lastKnownFileType = sourcecode.swift; path = GameOverMGView.swift; sourceTree = "<group>"; };
		6EA16BDF2C113C8200CBC7B6 /* GifImage.swift */ = {isa = PBXFileReference; lastKnownFileType = sourcecode.swift; path = GifImage.swift; sourceTree = "<group>"; };
		6EA16BE22C11410300CBC7B6 /* Gif1.gif */ = {isa = PBXFileReference; lastKnownFileType = image.gif; path = Gif1.gif; sourceTree = "<group>"; };
		6EAB82622C472D6F00D75432 /* ApiProtocol.swift */ = {isa = PBXFileReference; lastKnownFileType = sourcecode.swift; path = ApiProtocol.swift; sourceTree = "<group>"; };
		6EAB82642C472E9500D75432 /* DragonBallModel.swift */ = {isa = PBXFileReference; lastKnownFileType = sourcecode.swift; path = DragonBallModel.swift; sourceTree = "<group>"; };
		6EAB82662C47312F00D75432 /* AllCharactersDBDataService.swift */ = {isa = PBXFileReference; lastKnownFileType = sourcecode.swift; path = AllCharactersDBDataService.swift; sourceTree = "<group>"; };
		6EAB826A2C4734B800D75432 /* AllDragonsDataService.swift */ = {isa = PBXFileReference; lastKnownFileType = sourcecode.swift; path = AllDragonsDataService.swift; sourceTree = "<group>"; };
		6EAB826C2C47373800D75432 /* AllCharactersDBViewModel.swift */ = {isa = PBXFileReference; lastKnownFileType = sourcecode.swift; path = AllCharactersDBViewModel.swift; sourceTree = "<group>"; };
		6EAB826E2C473EBD00D75432 /* AllCharactersDZViewModel.swift */ = {isa = PBXFileReference; lastKnownFileType = sourcecode.swift; path = AllCharactersDZViewModel.swift; sourceTree = "<group>"; };
		6EAB82702C473F1500D75432 /* DBZCharactersView.swift */ = {isa = PBXFileReference; lastKnownFileType = sourcecode.swift; path = DBZCharactersView.swift; sourceTree = "<group>"; };
		6EAB82722C47412A00D75432 /* AllDragonsViewModel.swift */ = {isa = PBXFileReference; lastKnownFileType = sourcecode.swift; path = AllDragonsViewModel.swift; sourceTree = "<group>"; };
		6EB264112C61769D004C8F4E /* GrowingButton.swift */ = {isa = PBXFileReference; lastKnownFileType = sourcecode.swift; path = GrowingButton.swift; sourceTree = "<group>"; };
		6EB264132C617DDD004C8F4E /* GameOver.swift */ = {isa = PBXFileReference; lastKnownFileType = sourcecode.swift; path = GameOver.swift; sourceTree = "<group>"; };
		A5997F842C65EE3200A4AFA1 /* AudioPlayerAttributesModel.swift */ = {isa = PBXFileReference; lastKnownFileType = sourcecode.swift; path = AudioPlayerAttributesModel.swift; sourceTree = "<group>"; };
		A5997F862C65EEE700A4AFA1 /* AudioPlayerActivityUseCaseViewModel.swift */ = {isa = PBXFileReference; lastKnownFileType = sourcecode.swift; path = AudioPlayerActivityUseCaseViewModel.swift; sourceTree = "<group>"; };
		A5EF786D2C623B9700CB0D59 /* AudioPlayerDynamicIslandExtension.appex */ = {isa = PBXFileReference; explicitFileType = "wrapper.app-extension"; includeInIndex = 0; path = AudioPlayerDynamicIslandExtension.appex; sourceTree = BUILT_PRODUCTS_DIR; };
		A5EF78732C623B9700CB0D59 /* AudioPlayerDynamicIslandLiveActivity.swift */ = {isa = PBXFileReference; lastKnownFileType = sourcecode.swift; path = AudioPlayerDynamicIslandLiveActivity.swift; sourceTree = "<group>"; };
		A5EF78772C623B9700CB0D59 /* AppIntent.swift */ = {isa = PBXFileReference; lastKnownFileType = sourcecode.swift; path = AppIntent.swift; sourceTree = "<group>"; };
		A5EF78792C623B9800CB0D59 /* Assets.xcassets */ = {isa = PBXFileReference; lastKnownFileType = folder.assetcatalog; path = Assets.xcassets; sourceTree = "<group>"; };
		A5EF787B2C623B9800CB0D59 /* Info.plist */ = {isa = PBXFileReference; lastKnownFileType = text.plist.xml; path = Info.plist; sourceTree = "<group>"; };
		A5F3EEE92C5D46C200460521 /* Dragon Ball nº2.mp3 */ = {isa = PBXFileReference; lastKnownFileType = audio.mp3; path = "Dragon Ball nº2.mp3"; sourceTree = "<group>"; };
		A5F3EEEA2C5D46C200460521 /* Dragon Ball GT.mp3 */ = {isa = PBXFileReference; lastKnownFileType = audio.mp3; path = "Dragon Ball GT.mp3"; sourceTree = "<group>"; };
		A5F3EEEB2C5D46C200460521 /* Dragon Ball Super.mp3 */ = {isa = PBXFileReference; lastKnownFileType = audio.mp3; path = "Dragon Ball Super.mp3"; sourceTree = "<group>"; };
		A5F3EEEC2C5D46C200460521 /* Dragon Ball Z Kai.mp3 */ = {isa = PBXFileReference; lastKnownFileType = audio.mp3; path = "Dragon Ball Z Kai.mp3"; sourceTree = "<group>"; };
		A5F3EEED2C5D46C200460521 /* Dragon Ball Z.mp3 */ = {isa = PBXFileReference; lastKnownFileType = audio.mp3; path = "Dragon Ball Z.mp3"; sourceTree = "<group>"; };
		A5F3EEEE2C5D46C200460521 /* Dragon Ball nº1.mp3 */ = {isa = PBXFileReference; lastKnownFileType = audio.mp3; path = "Dragon Ball nº1.mp3"; sourceTree = "<group>"; };
		A5F3EF112C5FDC4C00460521 /* SongsViewModel.swift */ = {isa = PBXFileReference; lastKnownFileType = sourcecode.swift; path = SongsViewModel.swift; sourceTree = "<group>"; };
		A5F3EF132C5FDD6600460521 /* SongsModel.swift */ = {isa = PBXFileReference; lastKnownFileType = sourcecode.swift; path = SongsModel.swift; sourceTree = "<group>"; };
		A5F3EF172C5FE52000460521 /* SongListView.swift */ = {isa = PBXFileReference; lastKnownFileType = sourcecode.swift; path = SongListView.swift; sourceTree = "<group>"; };
		A5F3EF192C5FE56E00460521 /* PlayerView.swift */ = {isa = PBXFileReference; lastKnownFileType = sourcecode.swift; path = PlayerView.swift; sourceTree = "<group>"; };
		A5F3EF1B2C5FE61300460521 /* SongsPlayerViewModel.swift */ = {isa = PBXFileReference; lastKnownFileType = sourcecode.swift; path = SongsPlayerViewModel.swift; sourceTree = "<group>"; };
		A5F3EF2D2C62355D00460521 /* WidgetKit.framework */ = {isa = PBXFileReference; lastKnownFileType = wrapper.framework; name = WidgetKit.framework; path = System/Library/Frameworks/WidgetKit.framework; sourceTree = SDKROOT; };
		A5F3EF2F2C62355D00460521 /* SwiftUI.framework */ = {isa = PBXFileReference; lastKnownFileType = wrapper.framework; name = SwiftUI.framework; path = System/Library/Frameworks/SwiftUI.framework; sourceTree = SDKROOT; };
		B31739ED2C54E870008CEA6F /* ViewDetails.swift */ = {isa = PBXFileReference; lastKnownFileType = sourcecode.swift; path = ViewDetails.swift; sourceTree = "<group>"; };
		B372A0182C068E2300439428 /* DragonBallSwift.app */ = {isa = PBXFileReference; explicitFileType = wrapper.application; includeInIndex = 0; path = DragonBallSwift.app; sourceTree = BUILT_PRODUCTS_DIR; };
		B372A01B2C068E2300439428 /* DragonBallSwiftApp.swift */ = {isa = PBXFileReference; lastKnownFileType = sourcecode.swift; path = DragonBallSwiftApp.swift; sourceTree = "<group>"; };
		B372A01D2C068E2300439428 /* ContentView.swift */ = {isa = PBXFileReference; lastKnownFileType = sourcecode.swift; path = ContentView.swift; sourceTree = "<group>"; };
		B372A01F2C068E2500439428 /* Assets.xcassets */ = {isa = PBXFileReference; lastKnownFileType = folder.assetcatalog; path = Assets.xcassets; sourceTree = "<group>"; };
		B372A0222C068E2500439428 /* Preview Assets.xcassets */ = {isa = PBXFileReference; lastKnownFileType = folder.assetcatalog; path = "Preview Assets.xcassets"; sourceTree = "<group>"; };
/* End PBXFileReference section */

/* Begin PBXFrameworksBuildPhase section */
		A5EF786A2C623B9700CB0D59 /* Frameworks */ = {
			isa = PBXFrameworksBuildPhase;
			buildActionMask = 2147483647;
			files = (
				A5EF786F2C623B9700CB0D59 /* SwiftUI.framework in Frameworks */,
				A5EF786E2C623B9700CB0D59 /* WidgetKit.framework in Frameworks */,
			);
			runOnlyForDeploymentPostprocessing = 0;
		};
		B372A0152C068E2300439428 /* Frameworks */ = {
			isa = PBXFrameworksBuildPhase;
			buildActionMask = 2147483647;
			files = (
				5A33F8812C5741FE0025A4E2 /* GoogleSignIn in Frameworks */,
				5A33F8772C57313F0025A4E2 /* FirebaseFirestoreSwift in Frameworks */,
				5AABB10B2C6150CF00C595F6 /* Kingfisher in Frameworks */,
				5A33F8752C57313F0025A4E2 /* FirebaseFirestore in Frameworks */,
				5A33F8832C5741FE0025A4E2 /* GoogleSignInSwift in Frameworks */,
				5A33F8732C57313F0025A4E2 /* FirebaseAuth in Frameworks */,
				5A33F8792C57313F0025A4E2 /* FirebaseStorage in Frameworks */,
			);
			runOnlyForDeploymentPostprocessing = 0;
		};
/* End PBXFrameworksBuildPhase section */

/* Begin PBXGroup section */
		5A2BCB152C51DBD1008DFBBE /* WikiViews */ = {
			isa = PBXGroup;
			children = (
				5A6AAF7E2C532CEB00930C0A /* Components */,
				6E5619212C0B1D3F00D4D5C1 /* DBCharactersView.swift */,
				6EAB82702C473F1500D75432 /* DBZCharactersView.swift */,
				5AE3DB3B2C51EAD000F95566 /* WikiView.swift */,
				5A6AAF7A2C52D16900930C0A /* DragonsView.swift */,
				B31739ED2C54E870008CEA6F /* ViewDetails.swift */,
				5AC483DA2C60204200F4878D /* FavoriteCharactersView.swift */,
			);
			path = WikiViews;
			sourceTree = "<group>";
		};
		5A33F86C2C572AC60025A4E2 /* FirebaseAuthServices */ = {
			isa = PBXGroup;
			children = (
				5A33F86D2C572ADE0025A4E2 /* GoogleService.swift */,
			);
			path = FirebaseAuthServices;
			sourceTree = "<group>";
		};
		5A40973A2C597B5300B61F23 /* FavoritesViewModel */ = {
			isa = PBXGroup;
			children = (
				5A40973B2C597CA200B61F23 /* FavoritesViewModel.swift */,
			);
			path = FavoritesViewModel;
			sourceTree = "<group>";
		};
		5A6AAF792C52CF2600930C0A /* GamesViews */ = {
			isa = PBXGroup;
			children = (
				6E56B1732C585D7C00098F2C /* TetrixView */,
				6E600CE92C096B0A002408CE /* MemoryGame */,
				5A6AAF7C2C52D28700930C0A /* GamesView.swift */,
			);
			path = GamesViews;
			sourceTree = "<group>";
		};
		5A6AAF7E2C532CEB00930C0A /* Components */ = {
			isa = PBXGroup;
			children = (
				5A6AAF7F2C532D0A00930C0A /* BasicCharacterCardView.swift */,
				5ABF74A12C5C5A79000AC558 /* SearchBarView.swift */,
			);
			path = Components;
			sourceTree = "<group>";
		};
		5A849D582C5A9DF4000AA691 /* FirebaseFirestoreServices */ = {
			isa = PBXGroup;
			children = (
				5A849D592C5A9E7A000AA691 /* FavoriteCharacterDataService.swift */,
			);
			path = FirebaseFirestoreServices;
			sourceTree = "<group>";
		};
		6E52A9DA2C0A86E5000F2162 /* MemoriGameViewModel */ = {
			isa = PBXGroup;
			children = (
				6E52A9DB2C0A873C000F2162 /* MemoryGameViewModel.swift */,
			);
			path = MemoriGameViewModel;
			sourceTree = "<group>";
		};
		6E52A9DD2C0A8A72000F2162 /* ViewModelApi */ = {
			isa = PBXGroup;
			children = (
				6EAB826C2C47373800D75432 /* AllCharactersDBViewModel.swift */,
				6EAB826E2C473EBD00D75432 /* AllCharactersDZViewModel.swift */,
				6E5673A62C5C320E002CF2D7 /* SingleCharacterDbViewModel.swift */,
				6E5673A82C5C3F6E002CF2D7 /* SingleCharacterDZViewModel.swift */,
				6EAB82722C47412A00D75432 /* AllDragonsViewModel.swift */,
			);
			path = ViewModelApi;
			sourceTree = "<group>";
		};
		6E56739A2C5B7DB8002CF2D7 /* Extension */ = {
			isa = PBXGroup;
			children = (
				5A33F87D2C5737740025A4E2 /* ColorExtension.swift */,
				6E56739B2C5B7E17002CF2D7 /* ImgeExtension.swift */,
			);
			path = Extension;
			sourceTree = "<group>";
		};
		6E5673A02C5B96D2002CF2D7 /* Fonts */ = {
			isa = PBXGroup;
			children = (
				6E56739F2C5B96D2002CF2D7 /* SaiyanSans.ttf */,
			);
			path = Fonts;
			sourceTree = "<group>";
		};
		6E56B1712C585C0100098F2C /* TetrisModel */ = {
			isa = PBXGroup;
			children = (
				6E56B1792C585F0700098F2C /* PartsModel */,
				6E56B1882C58607B00098F2C /* SquereGame.swift */,
				6E56B18A2C5860A300098F2C /* GridPosition.swift */,
				6E56B1962C5863AB00098F2C /* IconsButtons.swift */,
			);
			path = TetrisModel;
			sourceTree = "<group>";
		};
		6E56B1722C585C2500098F2C /* TetrisViewModel */ = {
			isa = PBXGroup;
			children = (
				6E56B18C2C58614000098F2C /* TetrisViewModel.swift */,
			);
			path = TetrisViewModel;
			sourceTree = "<group>";
		};
		6E56B1732C585D7C00098F2C /* TetrixView */ = {
			isa = PBXGroup;
			children = (
				6E56B18E2C5861D000098F2C /* HomeTreixView.swift */,
				6E56B1902C5862CA00098F2C /* GridView.swift */,
				6E56B1922C5862FB00098F2C /* ControlsView.swift */,
				6E56B1942C58635500098F2C /* ButtonView.swift */,
				6E56B1982C58640C00098F2C /* Scoreboard.swift */,
				6EB264132C617DDD004C8F4E /* GameOver.swift */,
			);
			path = TetrixView;
			sourceTree = "<group>";
		};
		6E56B1742C585DE200098F2C /* TetrixTools */ = {
			isa = PBXGroup;
			children = (
				6EB264112C61769D004C8F4E /* GrowingButton.swift */,
				6E56B1752C585E1700098F2C /* ExtensionsTetrix.swift */,
				6E56B1772C585E7600098F2C /* Protocol.swift */,
			);
			path = TetrixTools;
			sourceTree = "<group>";
		};
		6E56B1792C585F0700098F2C /* PartsModel */ = {
			isa = PBXGroup;
			children = (
				6E56B17A2C585F4600098F2C /* SquareShape.swift */,
				6E56B17C2C585F8000098F2C /* IShape.swift */,
				6E56B17E2C585FB100098F2C /* TShape.swift */,
				6E56B1802C585FD100098F2C /* LShape.swift */,
				6E56B1822C58600300098F2C /* JShape.swift */,
				6E56B1842C58602000098F2C /* SShape.swift */,
				6E56B1862C58604C00098F2C /* ZShape.swift */,
			);
			path = PartsModel;
			sourceTree = "<group>";
		};
		6E600C642C06927F002408CE /* Model */ = {
			isa = PBXGroup;
			children = (
				A5F3EF102C5FDC2F00460521 /* AudioPlayerModel */,
				6E56B1712C585C0100098F2C /* TetrisModel */,
				6E600CE52C096A9F002408CE /* ModelMemoryGame */,
				6E600C7C2C07401D002408CE /* CharacterModels */,
			);
			path = Model;
			sourceTree = "<group>";
		};
		6E600C652C0692C0002408CE /* ViewModel */ = {
			isa = PBXGroup;
			children = (
				A5F3EEE72C5D459100460521 /* AudioPlayerViewModel */,
				5A40973A2C597B5300B61F23 /* FavoritesViewModel */,
				6E56B1722C585C2500098F2C /* TetrisViewModel */,
				6E52A9DD2C0A8A72000F2162 /* ViewModelApi */,
				6E52A9DA2C0A86E5000F2162 /* MemoriGameViewModel */,
				5A33F8882C57D0F70025A4E2 /* LoginViewModel.swift */,
				6E56739D2C5B8094002CF2D7 /* CRImages.swift */,
			);
			path = ViewModel;
			sourceTree = "<group>";
		};
		6E600C662C0692FA002408CE /* View */ = {
			isa = PBXGroup;
			children = (
				A5F3EEE42C5D448700460521 /* AudioPlayerViews */,
				5A6AAF792C52CF2600930C0A /* GamesViews */,
				5A2BCB152C51DBD1008DFBBE /* WikiViews */,
				B372A01D2C068E2300439428 /* ContentView.swift */,
				5A33F87B2C5736CC0025A4E2 /* LoginView.swift */,
			);
			path = View;
			sourceTree = "<group>";
		};
		6E600C712C072E85002408CE /* Services */ = {
			isa = PBXGroup;
			children = (
				5A849D582C5A9DF4000AA691 /* FirebaseFirestoreServices */,
				5A33F86C2C572AC60025A4E2 /* FirebaseAuthServices */,
				6EAB82662C47312F00D75432 /* AllCharactersDBDataService.swift */,
				6EAB826A2C4734B800D75432 /* AllDragonsDataService.swift */,
				6E5673A22C5C2780002CF2D7 /* SingleCharacterServer.swift */,
			);
			path = Services;
			sourceTree = "<group>";
		};
		6E600C722C072F29002408CE /* Tools */ = {
			isa = PBXGroup;
			children = (
				A5F3EEEF2C5D46C200460521 /* Music */,
				6E5673A02C5B96D2002CF2D7 /* Fonts */,
				6E56739A2C5B7DB8002CF2D7 /* Extension */,
				6E56B1742C585DE200098F2C /* TetrixTools */,
				6EA16BE12C1140ED00CBC7B6 /* GifImagen */,
				6E600CE12C08936E002408CE /* StyleMemoryGame */,
				6E600C7D2C07436F002408CE /* ApiError.swift */,
				6EAB82622C472D6F00D75432 /* ApiProtocol.swift */,
				5A33F86F2C572B5F0025A4E2 /* UserLoginState.swift */,
			);
			path = Tools;
			sourceTree = "<group>";
		};
		6E600C7C2C07401D002408CE /* CharacterModels */ = {
			isa = PBXGroup;
			children = (
				6EAB82642C472E9500D75432 /* DragonBallModel.swift */,
				5A849D5B2C5AA3A4000AA691 /* FavoriteCharacter.swift */,
			);
			path = CharacterModels;
			sourceTree = "<group>";
		};
		6E600CE12C08936E002408CE /* StyleMemoryGame */ = {
			isa = PBXGroup;
			children = (
				6E600CEC2C096B49002408CE /* Styles.swift */,
			);
			path = StyleMemoryGame;
			sourceTree = "<group>";
		};
		6E600CE52C096A9F002408CE /* ModelMemoryGame */ = {
			isa = PBXGroup;
			children = (
				6E600CE42C096A9F002408CE /* CardMemryModel.swift */,
			);
			path = ModelMemoryGame;
			sourceTree = "<group>";
		};
		6E600CE92C096B0A002408CE /* MemoryGame */ = {
			isa = PBXGroup;
			children = (
				6E600CE82C096B0A002408CE /* MemoryGameView.swift */,
				6E600CE72C096B0A002408CE /* CardMemoryView.swift */,
				6E823E112C6779160063C8C8 /* GameOverMGView.swift */,
			);
			path = MemoryGame;
			sourceTree = "<group>";
		};
		6EA16BE12C1140ED00CBC7B6 /* GifImagen */ = {
			isa = PBXGroup;
			children = (
				6EA16BDF2C113C8200CBC7B6 /* GifImage.swift */,
				6E56B1472C546E1B00098F2C /* tumblr_5d02caa6c1505584156a309d7c38a5d5_ef84c56e_250.gif */,
				6EA16BE22C11410300CBC7B6 /* Gif1.gif */,
			);
			path = GifImagen;
			sourceTree = "<group>";
		};
		A5EF78702C623B9700CB0D59 /* AudioPlayerDynamicIsland */ = {
			isa = PBXGroup;
			children = (
				A5EF78732C623B9700CB0D59 /* AudioPlayerDynamicIslandLiveActivity.swift */,
				A5EF78772C623B9700CB0D59 /* AppIntent.swift */,
				A5EF78792C623B9800CB0D59 /* Assets.xcassets */,
				A5EF787B2C623B9800CB0D59 /* Info.plist */,
			);
			path = AudioPlayerDynamicIsland;
			sourceTree = "<group>";
		};
		A5F3EEE42C5D448700460521 /* AudioPlayerViews */ = {
			isa = PBXGroup;
			children = (
				A5F3EF172C5FE52000460521 /* SongListView.swift */,
				A5F3EF192C5FE56E00460521 /* PlayerView.swift */,
			);
			path = AudioPlayerViews;
			sourceTree = "<group>";
		};
		A5F3EEE72C5D459100460521 /* AudioPlayerViewModel */ = {
			isa = PBXGroup;
			children = (
				A5F3EF112C5FDC4C00460521 /* SongsViewModel.swift */,
				A5F3EF1B2C5FE61300460521 /* SongsPlayerViewModel.swift */,
				A5997F862C65EEE700A4AFA1 /* AudioPlayerActivityUseCaseViewModel.swift */,
			);
			path = AudioPlayerViewModel;
			sourceTree = "<group>";
		};
		A5F3EEEF2C5D46C200460521 /* Music */ = {
			isa = PBXGroup;
			children = (
				A5F3EEE92C5D46C200460521 /* Dragon Ball nº2.mp3 */,
				A5F3EEEA2C5D46C200460521 /* Dragon Ball GT.mp3 */,
				A5F3EEEB2C5D46C200460521 /* Dragon Ball Super.mp3 */,
				A5F3EEEC2C5D46C200460521 /* Dragon Ball Z Kai.mp3 */,
				A5F3EEED2C5D46C200460521 /* Dragon Ball Z.mp3 */,
				A5F3EEEE2C5D46C200460521 /* Dragon Ball nº1.mp3 */,
			);
			path = Music;
			sourceTree = "<group>";
		};
		A5F3EF102C5FDC2F00460521 /* AudioPlayerModel */ = {
			isa = PBXGroup;
			children = (
				A5F3EF132C5FDD6600460521 /* SongsModel.swift */,
				A5997F842C65EE3200A4AFA1 /* AudioPlayerAttributesModel.swift */,
			);
			path = AudioPlayerModel;
			sourceTree = "<group>";
		};
		A5F3EF2C2C62355D00460521 /* Frameworks */ = {
			isa = PBXGroup;
			children = (
				A5F3EF2D2C62355D00460521 /* WidgetKit.framework */,
				A5F3EF2F2C62355D00460521 /* SwiftUI.framework */,
			);
			name = Frameworks;
			sourceTree = "<group>";
		};
		B372A00F2C068E2300439428 = {
			isa = PBXGroup;
			children = (
				B372A01A2C068E2300439428 /* DragonBallSwift */,
				A5EF78702C623B9700CB0D59 /* AudioPlayerDynamicIsland */,
				A5F3EF2C2C62355D00460521 /* Frameworks */,
				B372A0192C068E2300439428 /* Products */,
			);
			sourceTree = "<group>";
		};
		B372A0192C068E2300439428 /* Products */ = {
			isa = PBXGroup;
			children = (
				B372A0182C068E2300439428 /* DragonBallSwift.app */,
				A5EF786D2C623B9700CB0D59 /* AudioPlayerDynamicIslandExtension.appex */,
			);
			name = Products;
			sourceTree = "<group>";
		};
		B372A01A2C068E2300439428 /* DragonBallSwift */ = {
			isa = PBXGroup;
			children = (
				5A33F8842C57467E0025A4E2 /* GoogleService-Info.plist */,
				5A33F86B2C5728700025A4E2 /* Info.plist */,
				5A33F8622C5726120025A4E2 /* AppDelegate.swift */,
				B372A01B2C068E2300439428 /* DragonBallSwiftApp.swift */,
				6E600C722C072F29002408CE /* Tools */,
				6E600C712C072E85002408CE /* Services */,
				6E600C642C06927F002408CE /* Model */,
				6E600C652C0692C0002408CE /* ViewModel */,
				6E600C662C0692FA002408CE /* View */,
				B372A01F2C068E2500439428 /* Assets.xcassets */,
				B372A0212C068E2500439428 /* Preview Content */,
			);
			path = DragonBallSwift;
			sourceTree = "<group>";
		};
		B372A0212C068E2500439428 /* Preview Content */ = {
			isa = PBXGroup;
			children = (
				B372A0222C068E2500439428 /* Preview Assets.xcassets */,
			);
			path = "Preview Content";
			sourceTree = "<group>";
		};
/* End PBXGroup section */

/* Begin PBXNativeTarget section */
		A5EF786C2C623B9700CB0D59 /* AudioPlayerDynamicIslandExtension */ = {
			isa = PBXNativeTarget;
			buildConfigurationList = A5EF78812C623B9800CB0D59 /* Build configuration list for PBXNativeTarget "AudioPlayerDynamicIslandExtension" */;
			buildPhases = (
				A5EF78692C623B9700CB0D59 /* Sources */,
				A5EF786A2C623B9700CB0D59 /* Frameworks */,
				A5EF786B2C623B9700CB0D59 /* Resources */,
			);
			buildRules = (
			);
			dependencies = (
			);
			name = AudioPlayerDynamicIslandExtension;
			productName = AudioPlayerDynamicIslandExtension;
			productReference = A5EF786D2C623B9700CB0D59 /* AudioPlayerDynamicIslandExtension.appex */;
			productType = "com.apple.product-type.app-extension";
		};
		B372A0172C068E2300439428 /* DragonBallSwift */ = {
			isa = PBXNativeTarget;
			buildConfigurationList = B372A0262C068E2500439428 /* Build configuration list for PBXNativeTarget "DragonBallSwift" */;
			buildPhases = (
				B372A0142C068E2300439428 /* Sources */,
				B372A0152C068E2300439428 /* Frameworks */,
				B372A0162C068E2300439428 /* Resources */,
				A5F3EF402C62355F00460521 /* Embed Foundation Extensions */,
			);
			buildRules = (
			);
			dependencies = (
				A5EF787D2C623B9800CB0D59 /* PBXTargetDependency */,
			);
			name = DragonBallSwift;
			packageProductDependencies = (
				5A33F8722C57313F0025A4E2 /* FirebaseAuth */,
				5A33F8742C57313F0025A4E2 /* FirebaseFirestore */,
				5A33F8762C57313F0025A4E2 /* FirebaseFirestoreSwift */,
				5A33F8782C57313F0025A4E2 /* FirebaseStorage */,
				5A33F8802C5741FE0025A4E2 /* GoogleSignIn */,
				5A33F8822C5741FE0025A4E2 /* GoogleSignInSwift */,
				5AABB10A2C6150CF00C595F6 /* Kingfisher */,
			);
			productName = DragonBallSwift;
			productReference = B372A0182C068E2300439428 /* DragonBallSwift.app */;
			productType = "com.apple.product-type.application";
		};
/* End PBXNativeTarget section */

/* Begin PBXProject section */
		B372A0102C068E2300439428 /* Project object */ = {
			isa = PBXProject;
			attributes = {
				BuildIndependentTargetsInParallel = 1;
				LastSwiftUpdateCheck = 1540;
				LastUpgradeCheck = 1540;
				TargetAttributes = {
					A5EF786C2C623B9700CB0D59 = {
						CreatedOnToolsVersion = 15.4;
					};
					B372A0172C068E2300439428 = {
						CreatedOnToolsVersion = 15.4;
					};
				};
			};
			buildConfigurationList = B372A0132C068E2300439428 /* Build configuration list for PBXProject "DragonBallSwift" */;
			compatibilityVersion = "Xcode 14.0";
			developmentRegion = en;
			hasScannedForEncodings = 0;
			knownRegions = (
				en,
				Base,
			);
			mainGroup = B372A00F2C068E2300439428;
			packageReferences = (
				5A33F8712C57313F0025A4E2 /* XCRemoteSwiftPackageReference "firebase-ios-sdk" */,
				5A33F87F2C5741FE0025A4E2 /* XCRemoteSwiftPackageReference "GoogleSignIn-iOS" */,
				5AABB1092C6150CF00C595F6 /* XCRemoteSwiftPackageReference "Kingfisher" */,
			);
			productRefGroup = B372A0192C068E2300439428 /* Products */;
			projectDirPath = "";
			projectRoot = "";
			targets = (
				B372A0172C068E2300439428 /* DragonBallSwift */,
				A5EF786C2C623B9700CB0D59 /* AudioPlayerDynamicIslandExtension */,
			);
		};
/* End PBXProject section */

/* Begin PBXResourcesBuildPhase section */
		A5EF786B2C623B9700CB0D59 /* Resources */ = {
			isa = PBXResourcesBuildPhase;
			buildActionMask = 2147483647;
			files = (
				A528727D2C624D69001AB797 /* Assets.xcassets in Resources */,
				A5EF787A2C623B9800CB0D59 /* Assets.xcassets in Resources */,
			);
			runOnlyForDeploymentPostprocessing = 0;
		};
		B372A0162C068E2300439428 /* Resources */ = {
			isa = PBXResourcesBuildPhase;
			buildActionMask = 2147483647;
			files = (
				A5F3EEF32C5D46C200460521 /* Dragon Ball Z Kai.mp3 in Resources */,
				A5F3EEF02C5D46C200460521 /* Dragon Ball nº2.mp3 in Resources */,
				A5F3EEF12C5D46C200460521 /* Dragon Ball GT.mp3 in Resources */,
				A5F3EEF52C5D46C200460521 /* Dragon Ball nº1.mp3 in Resources */,
				B372A0232C068E2500439428 /* Preview Assets.xcassets in Resources */,
				6EA16BE32C11410300CBC7B6 /* Gif1.gif in Resources */,
				6E5673A12C5B96D3002CF2D7 /* SaiyanSans.ttf in Resources */,
				A5F3EEF42C5D46C200460521 /* Dragon Ball Z.mp3 in Resources */,
				A5F3EEF22C5D46C200460521 /* Dragon Ball Super.mp3 in Resources */,
				6E56B1482C546E1B00098F2C /* tumblr_5d02caa6c1505584156a309d7c38a5d5_ef84c56e_250.gif in Resources */,
				B372A0202C068E2500439428 /* Assets.xcassets in Resources */,
				5A33F8852C57467E0025A4E2 /* GoogleService-Info.plist in Resources */,
			);
			runOnlyForDeploymentPostprocessing = 0;
		};
/* End PBXResourcesBuildPhase section */

/* Begin PBXSourcesBuildPhase section */
		A5EF78692C623B9700CB0D59 /* Sources */ = {
			isa = PBXSourcesBuildPhase;
			buildActionMask = 2147483647;
			files = (
				A5EF78822C62479600CB0D59 /* SongsPlayerViewModel.swift in Sources */,
				A5EF78782C623B9700CB0D59 /* AppIntent.swift in Sources */,
				A5EF78832C6247A400CB0D59 /* SongsViewModel.swift in Sources */,
				A5997F8B2C660D0300A4AFA1 /* PlayerView.swift in Sources */,
				A5EF78742C623B9700CB0D59 /* AudioPlayerDynamicIslandLiveActivity.swift in Sources */,
				A5997F892C65F10600A4AFA1 /* AudioPlayerAttributesModel.swift in Sources */,
				A5997F8A2C65FE7700A4AFA1 /* AudioPlayerActivityUseCaseViewModel.swift in Sources */,
				A5EF78842C6247AF00CB0D59 /* SongsModel.swift in Sources */,
			);
			runOnlyForDeploymentPostprocessing = 0;
		};
		B372A0142C068E2300439428 /* Sources */ = {
			isa = PBXSourcesBuildPhase;
			buildActionMask = 2147483647;
			files = (
				6E56B1912C5862CA00098F2C /* GridView.swift in Sources */,
				6E56B1892C58607C00098F2C /* SquereGame.swift in Sources */,
				6E5673A72C5C320E002CF2D7 /* SingleCharacterDbViewModel.swift in Sources */,
				A5997F872C65EEE700A4AFA1 /* AudioPlayerActivityUseCaseViewModel.swift in Sources */,
				A5F3EF1A2C5FE56E00460521 /* PlayerView.swift in Sources */,
				A5997F852C65EE3200A4AFA1 /* AudioPlayerAttributesModel.swift in Sources */,
				5A33F8632C5726120025A4E2 /* AppDelegate.swift in Sources */,
				5ABF74A22C5C5A79000AC558 /* SearchBarView.swift in Sources */,
				6E56B1762C585E1700098F2C /* ExtensionsTetrix.swift in Sources */,
				5A33F86E2C572ADE0025A4E2 /* GoogleService.swift in Sources */,
				6E5673A92C5C3F6E002CF2D7 /* SingleCharacterDZViewModel.swift in Sources */,
				6E56B18F2C5861D000098F2C /* HomeTreixView.swift in Sources */,
				B372A01E2C068E2300439428 /* ContentView.swift in Sources */,
				A51EFDEB2C6C84EB007E15C1 /* AppIntent.swift in Sources */,
				6E56B17F2C585FB100098F2C /* TShape.swift in Sources */,
				A5F3EF122C5FDC4C00460521 /* SongsViewModel.swift in Sources */,
				B372A01C2C068E2300439428 /* DragonBallSwiftApp.swift in Sources */,
				6EAB82712C473F1500D75432 /* DBZCharactersView.swift in Sources */,
				6EB264122C61769D004C8F4E /* GrowingButton.swift in Sources */,
				A5F3EF142C5FDD6600460521 /* SongsModel.swift in Sources */,
				6E823E122C6779160063C8C8 /* GameOverMGView.swift in Sources */,
				6E600CE62C096A9F002408CE /* CardMemryModel.swift in Sources */,
				6EAB82652C472E9500D75432 /* DragonBallModel.swift in Sources */,
				6EAB826D2C47373800D75432 /* AllCharactersDBViewModel.swift in Sources */,
				A5F3EF1C2C5FE61300460521 /* SongsPlayerViewModel.swift in Sources */,
				A5F3EF182C5FE52000460521 /* SongListView.swift in Sources */,
				B31739EE2C54E870008CEA6F /* ViewDetails.swift in Sources */,
				5A33F87E2C5737740025A4E2 /* ColorExtension.swift in Sources */,
				6EAB82632C472D6F00D75432 /* ApiProtocol.swift in Sources */,
				6E56739C2C5B7E17002CF2D7 /* ImgeExtension.swift in Sources */,
				6E56B17D2C585F8000098F2C /* IShape.swift in Sources */,
				6E56B1952C58635500098F2C /* ButtonView.swift in Sources */,
				5AC483DB2C60204200F4878D /* FavoriteCharactersView.swift in Sources */,
				5A40973C2C597CA200B61F23 /* FavoritesViewModel.swift in Sources */,
				6E56739E2C5B8094002CF2D7 /* CRImages.swift in Sources */,
				6E5619222C0B1D3F00D4D5C1 /* DBCharactersView.swift in Sources */,
				6E56B1812C585FD100098F2C /* LShape.swift in Sources */,
				6E52A9DC2C0A873C000F2162 /* MemoryGameViewModel.swift in Sources */,
				6E56B17B2C585F4600098F2C /* SquareShape.swift in Sources */,
				5A6AAF802C532D0A00930C0A /* BasicCharacterCardView.swift in Sources */,
				5A6AAF7D2C52D28700930C0A /* GamesView.swift in Sources */,
				5A849D5C2C5AA3A4000AA691 /* FavoriteCharacter.swift in Sources */,
				6E56B1972C5863AB00098F2C /* IconsButtons.swift in Sources */,
				6E56B1852C58602000098F2C /* SShape.swift in Sources */,
				5A33F8702C572B5F0025A4E2 /* UserLoginState.swift in Sources */,
				6EAB82732C47412A00D75432 /* AllDragonsViewModel.swift in Sources */,
				6E56B1832C58600300098F2C /* JShape.swift in Sources */,
				6EAB82672C47312F00D75432 /* AllCharactersDBDataService.swift in Sources */,
				5A849D5A2C5A9E7A000AA691 /* FavoriteCharacterDataService.swift in Sources */,
				6E600CEB2C096B0A002408CE /* MemoryGameView.swift in Sources */,
				6E56B1872C58604C00098F2C /* ZShape.swift in Sources */,
				6E56B1782C585E7600098F2C /* Protocol.swift in Sources */,
				6EA16BE02C113C8200CBC7B6 /* GifImage.swift in Sources */,
				6E56B1932C5862FB00098F2C /* ControlsView.swift in Sources */,
				6E5673A32C5C2780002CF2D7 /* SingleCharacterServer.swift in Sources */,
				5A6AAF7B2C52D16900930C0A /* DragonsView.swift in Sources */,
				6E56B1992C58640C00098F2C /* Scoreboard.swift in Sources */,
				5A33F8892C57D0F70025A4E2 /* LoginViewModel.swift in Sources */,
				6E56B18B2C5860A300098F2C /* GridPosition.swift in Sources */,
				6EAB826B2C4734B800D75432 /* AllDragonsDataService.swift in Sources */,
				6E56B18D2C58614000098F2C /* TetrisViewModel.swift in Sources */,
				5A33F87C2C5736CC0025A4E2 /* LoginView.swift in Sources */,
				6E600C7E2C07436F002408CE /* ApiError.swift in Sources */,
				5AE3DB3C2C51EAD000F95566 /* WikiView.swift in Sources */,
				6E600CED2C096B49002408CE /* Styles.swift in Sources */,
				6E600CEA2C096B0A002408CE /* CardMemoryView.swift in Sources */,
				6EAB826F2C473EBD00D75432 /* AllCharactersDZViewModel.swift in Sources */,
				6EB264142C617DDD004C8F4E /* GameOver.swift in Sources */,
			);
			runOnlyForDeploymentPostprocessing = 0;
		};
/* End PBXSourcesBuildPhase section */

/* Begin PBXTargetDependency section */
		A5EF787D2C623B9800CB0D59 /* PBXTargetDependency */ = {
			isa = PBXTargetDependency;
			target = A5EF786C2C623B9700CB0D59 /* AudioPlayerDynamicIslandExtension */;
			targetProxy = A5EF787C2C623B9800CB0D59 /* PBXContainerItemProxy */;
		};
/* End PBXTargetDependency section */

/* Begin XCBuildConfiguration section */
		A5EF787F2C623B9800CB0D59 /* Debug */ = {
			isa = XCBuildConfiguration;
			buildSettings = {
				ASSETCATALOG_COMPILER_GLOBAL_ACCENT_COLOR_NAME = AccentColor;
				ASSETCATALOG_COMPILER_WIDGET_BACKGROUND_COLOR_NAME = WidgetBackground;
				CODE_SIGN_IDENTITY = "Apple Development";
				CODE_SIGN_STYLE = Automatic;
				CURRENT_PROJECT_VERSION = 1;
				DEVELOPMENT_TEAM = LBK7Y5YPPQ;
				GENERATE_INFOPLIST_FILE = YES;
				INFOPLIST_FILE = AudioPlayerDynamicIsland/Info.plist;
				INFOPLIST_KEY_CFBundleDisplayName = AudioPlayerDynamicIsland;
				INFOPLIST_KEY_NSHumanReadableCopyright = "";
				LD_RUNPATH_SEARCH_PATHS = (
					"$(inherited)",
					"@executable_path/Frameworks",
					"@executable_path/../../Frameworks",
				);
				MARKETING_VERSION = 1.0;
				PRODUCT_BUNDLE_IDENTIFIER = "Grupo-de-estudio.DragonBallSwift.AudioPlayerDynamicIsland";
				PRODUCT_NAME = "$(TARGET_NAME)";
				SKIP_INSTALL = YES;
				SWIFT_EMIT_LOC_STRINGS = YES;
				SWIFT_VERSION = 5.0;
				TARGETED_DEVICE_FAMILY = "1,2";
			};
			name = Debug;
		};
		A5EF78802C623B9800CB0D59 /* Release */ = {
			isa = XCBuildConfiguration;
			buildSettings = {
				ASSETCATALOG_COMPILER_GLOBAL_ACCENT_COLOR_NAME = AccentColor;
				ASSETCATALOG_COMPILER_WIDGET_BACKGROUND_COLOR_NAME = WidgetBackground;
				CODE_SIGN_IDENTITY = "Apple Development";
				CODE_SIGN_STYLE = Automatic;
				CURRENT_PROJECT_VERSION = 1;
				DEVELOPMENT_TEAM = LBK7Y5YPPQ;
				GENERATE_INFOPLIST_FILE = YES;
				INFOPLIST_FILE = AudioPlayerDynamicIsland/Info.plist;
				INFOPLIST_KEY_CFBundleDisplayName = AudioPlayerDynamicIsland;
				INFOPLIST_KEY_NSHumanReadableCopyright = "";
				LD_RUNPATH_SEARCH_PATHS = (
					"$(inherited)",
					"@executable_path/Frameworks",
					"@executable_path/../../Frameworks",
				);
				MARKETING_VERSION = 1.0;
				PRODUCT_BUNDLE_IDENTIFIER = "Grupo-de-estudio.DragonBallSwift.AudioPlayerDynamicIsland";
				PRODUCT_NAME = "$(TARGET_NAME)";
				SKIP_INSTALL = YES;
				SWIFT_EMIT_LOC_STRINGS = YES;
				SWIFT_VERSION = 5.0;
				TARGETED_DEVICE_FAMILY = "1,2";
			};
			name = Release;
		};
		B372A0242C068E2500439428 /* Debug */ = {
			isa = XCBuildConfiguration;
			buildSettings = {
				ALWAYS_SEARCH_USER_PATHS = NO;
				ASSETCATALOG_COMPILER_GENERATE_SWIFT_ASSET_SYMBOL_EXTENSIONS = YES;
				CLANG_ANALYZER_NONNULL = YES;
				CLANG_ANALYZER_NUMBER_OBJECT_CONVERSION = YES_AGGRESSIVE;
				CLANG_CXX_LANGUAGE_STANDARD = "gnu++20";
				CLANG_ENABLE_MODULES = YES;
				CLANG_ENABLE_OBJC_ARC = YES;
				CLANG_ENABLE_OBJC_WEAK = YES;
				CLANG_WARN_BLOCK_CAPTURE_AUTORELEASING = YES;
				CLANG_WARN_BOOL_CONVERSION = YES;
				CLANG_WARN_COMMA = YES;
				CLANG_WARN_CONSTANT_CONVERSION = YES;
				CLANG_WARN_DEPRECATED_OBJC_IMPLEMENTATIONS = YES;
				CLANG_WARN_DIRECT_OBJC_ISA_USAGE = YES_ERROR;
				CLANG_WARN_DOCUMENTATION_COMMENTS = YES;
				CLANG_WARN_EMPTY_BODY = YES;
				CLANG_WARN_ENUM_CONVERSION = YES;
				CLANG_WARN_INFINITE_RECURSION = YES;
				CLANG_WARN_INT_CONVERSION = YES;
				CLANG_WARN_NON_LITERAL_NULL_CONVERSION = YES;
				CLANG_WARN_OBJC_IMPLICIT_RETAIN_SELF = YES;
				CLANG_WARN_OBJC_LITERAL_CONVERSION = YES;
				CLANG_WARN_OBJC_ROOT_CLASS = YES_ERROR;
				CLANG_WARN_QUOTED_INCLUDE_IN_FRAMEWORK_HEADER = YES;
				CLANG_WARN_RANGE_LOOP_ANALYSIS = YES;
				CLANG_WARN_STRICT_PROTOTYPES = YES;
				CLANG_WARN_SUSPICIOUS_MOVE = YES;
				CLANG_WARN_UNGUARDED_AVAILABILITY = YES_AGGRESSIVE;
				CLANG_WARN_UNREACHABLE_CODE = YES;
				CLANG_WARN__DUPLICATE_METHOD_MATCH = YES;
				COPY_PHASE_STRIP = NO;
				DEBUG_INFORMATION_FORMAT = dwarf;
				ENABLE_STRICT_OBJC_MSGSEND = YES;
				ENABLE_TESTABILITY = YES;
				ENABLE_USER_SCRIPT_SANDBOXING = YES;
				GCC_C_LANGUAGE_STANDARD = gnu17;
				GCC_DYNAMIC_NO_PIC = NO;
				GCC_NO_COMMON_BLOCKS = YES;
				GCC_OPTIMIZATION_LEVEL = 0;
				GCC_PREPROCESSOR_DEFINITIONS = (
					"DEBUG=1",
					"$(inherited)",
				);
				GCC_WARN_64_TO_32_BIT_CONVERSION = YES;
				GCC_WARN_ABOUT_RETURN_TYPE = YES_ERROR;
				GCC_WARN_UNDECLARED_SELECTOR = YES;
				GCC_WARN_UNINITIALIZED_AUTOS = YES_AGGRESSIVE;
				GCC_WARN_UNUSED_FUNCTION = YES;
				GCC_WARN_UNUSED_VARIABLE = YES;
				IPHONEOS_DEPLOYMENT_TARGET = 17.5;
				LOCALIZATION_PREFERS_STRING_CATALOGS = YES;
				MTL_ENABLE_DEBUG_INFO = INCLUDE_SOURCE;
				MTL_FAST_MATH = YES;
				ONLY_ACTIVE_ARCH = YES;
				SDKROOT = iphoneos;
				SWIFT_ACTIVE_COMPILATION_CONDITIONS = "DEBUG $(inherited)";
				SWIFT_OPTIMIZATION_LEVEL = "-Onone";
			};
			name = Debug;
		};
		B372A0252C068E2500439428 /* Release */ = {
			isa = XCBuildConfiguration;
			buildSettings = {
				ALWAYS_SEARCH_USER_PATHS = NO;
				ASSETCATALOG_COMPILER_GENERATE_SWIFT_ASSET_SYMBOL_EXTENSIONS = YES;
				CLANG_ANALYZER_NONNULL = YES;
				CLANG_ANALYZER_NUMBER_OBJECT_CONVERSION = YES_AGGRESSIVE;
				CLANG_CXX_LANGUAGE_STANDARD = "gnu++20";
				CLANG_ENABLE_MODULES = YES;
				CLANG_ENABLE_OBJC_ARC = YES;
				CLANG_ENABLE_OBJC_WEAK = YES;
				CLANG_WARN_BLOCK_CAPTURE_AUTORELEASING = YES;
				CLANG_WARN_BOOL_CONVERSION = YES;
				CLANG_WARN_COMMA = YES;
				CLANG_WARN_CONSTANT_CONVERSION = YES;
				CLANG_WARN_DEPRECATED_OBJC_IMPLEMENTATIONS = YES;
				CLANG_WARN_DIRECT_OBJC_ISA_USAGE = YES_ERROR;
				CLANG_WARN_DOCUMENTATION_COMMENTS = YES;
				CLANG_WARN_EMPTY_BODY = YES;
				CLANG_WARN_ENUM_CONVERSION = YES;
				CLANG_WARN_INFINITE_RECURSION = YES;
				CLANG_WARN_INT_CONVERSION = YES;
				CLANG_WARN_NON_LITERAL_NULL_CONVERSION = YES;
				CLANG_WARN_OBJC_IMPLICIT_RETAIN_SELF = YES;
				CLANG_WARN_OBJC_LITERAL_CONVERSION = YES;
				CLANG_WARN_OBJC_ROOT_CLASS = YES_ERROR;
				CLANG_WARN_QUOTED_INCLUDE_IN_FRAMEWORK_HEADER = YES;
				CLANG_WARN_RANGE_LOOP_ANALYSIS = YES;
				CLANG_WARN_STRICT_PROTOTYPES = YES;
				CLANG_WARN_SUSPICIOUS_MOVE = YES;
				CLANG_WARN_UNGUARDED_AVAILABILITY = YES_AGGRESSIVE;
				CLANG_WARN_UNREACHABLE_CODE = YES;
				CLANG_WARN__DUPLICATE_METHOD_MATCH = YES;
				COPY_PHASE_STRIP = NO;
				DEBUG_INFORMATION_FORMAT = "dwarf-with-dsym";
				ENABLE_NS_ASSERTIONS = NO;
				ENABLE_STRICT_OBJC_MSGSEND = YES;
				ENABLE_USER_SCRIPT_SANDBOXING = YES;
				GCC_C_LANGUAGE_STANDARD = gnu17;
				GCC_NO_COMMON_BLOCKS = YES;
				GCC_WARN_64_TO_32_BIT_CONVERSION = YES;
				GCC_WARN_ABOUT_RETURN_TYPE = YES_ERROR;
				GCC_WARN_UNDECLARED_SELECTOR = YES;
				GCC_WARN_UNINITIALIZED_AUTOS = YES_AGGRESSIVE;
				GCC_WARN_UNUSED_FUNCTION = YES;
				GCC_WARN_UNUSED_VARIABLE = YES;
				IPHONEOS_DEPLOYMENT_TARGET = 17.5;
				LOCALIZATION_PREFERS_STRING_CATALOGS = YES;
				MTL_ENABLE_DEBUG_INFO = NO;
				MTL_FAST_MATH = YES;
				SDKROOT = iphoneos;
				SWIFT_COMPILATION_MODE = wholemodule;
				VALIDATE_PRODUCT = YES;
			};
			name = Release;
		};
		B372A0272C068E2500439428 /* Debug */ = {
			isa = XCBuildConfiguration;
			buildSettings = {
				ALWAYS_EMBED_SWIFT_STANDARD_LIBRARIES = YES;
				ASSETCATALOG_COMPILER_APPICON_NAME = AppIcon;
				ASSETCATALOG_COMPILER_GLOBAL_ACCENT_COLOR_NAME = AccentColor;
				CODE_SIGN_IDENTITY = "Apple Development";
				CODE_SIGN_STYLE = Automatic;
				CURRENT_PROJECT_VERSION = 1;
				DEVELOPMENT_ASSET_PATHS = "\"DragonBallSwift/Preview Content\"";
				DEVELOPMENT_TEAM = LBK7Y5YPPQ;
				ENABLE_PREVIEWS = YES;
				GENERATE_INFOPLIST_FILE = YES;
				INFOPLIST_FILE = DragonBallSwift/Info.plist;
				INFOPLIST_KEY_CFBundleDisplayName = "Dragon Ball";
				INFOPLIST_KEY_NSSupportsLiveActivities = YES;
				INFOPLIST_KEY_UIApplicationSceneManifest_Generation = YES;
				INFOPLIST_KEY_UIApplicationSupportsIndirectInputEvents = YES;
				INFOPLIST_KEY_UILaunchScreen_Generation = YES;
				INFOPLIST_KEY_UISupportedInterfaceOrientations = UIInterfaceOrientationPortrait;
				INFOPLIST_KEY_UISupportedInterfaceOrientations_iPad = "UIInterfaceOrientationLandscapeLeft UIInterfaceOrientationLandscapeRight UIInterfaceOrientationPortrait UIInterfaceOrientationPortraitUpsideDown";
				LD_RUNPATH_SEARCH_PATHS = (
					"$(inherited)",
					"@executable_path/Frameworks",
				);
				MARKETING_VERSION = 1.0;
				PRODUCT_BUNDLE_IDENTIFIER = "Grupo-de-estudio.DragonBallSwift";
				PRODUCT_NAME = "$(TARGET_NAME)";
				PROVISIONING_PROFILE_SPECIFIER = "";
				SWIFT_EMIT_LOC_STRINGS = YES;
				SWIFT_VERSION = 5.0;
				TARGETED_DEVICE_FAMILY = "1,2";
			};
			name = Debug;
		};
		B372A0282C068E2500439428 /* Release */ = {
			isa = XCBuildConfiguration;
			buildSettings = {
				ALWAYS_EMBED_SWIFT_STANDARD_LIBRARIES = YES;
				ASSETCATALOG_COMPILER_APPICON_NAME = AppIcon;
				ASSETCATALOG_COMPILER_GLOBAL_ACCENT_COLOR_NAME = AccentColor;
				CODE_SIGN_IDENTITY = "Apple Development";
				CODE_SIGN_STYLE = Automatic;
				CURRENT_PROJECT_VERSION = 1;
				DEVELOPMENT_ASSET_PATHS = "\"DragonBallSwift/Preview Content\"";
				DEVELOPMENT_TEAM = LBK7Y5YPPQ;
				ENABLE_PREVIEWS = YES;
				GENERATE_INFOPLIST_FILE = YES;
				INFOPLIST_FILE = DragonBallSwift/Info.plist;
				INFOPLIST_KEY_CFBundleDisplayName = "Dragon Ball";
				INFOPLIST_KEY_NSSupportsLiveActivities = YES;
				INFOPLIST_KEY_UIApplicationSceneManifest_Generation = YES;
				INFOPLIST_KEY_UIApplicationSupportsIndirectInputEvents = YES;
				INFOPLIST_KEY_UILaunchScreen_Generation = YES;
				INFOPLIST_KEY_UISupportedInterfaceOrientations = UIInterfaceOrientationPortrait;
				INFOPLIST_KEY_UISupportedInterfaceOrientations_iPad = "UIInterfaceOrientationLandscapeLeft UIInterfaceOrientationLandscapeRight UIInterfaceOrientationPortrait UIInterfaceOrientationPortraitUpsideDown";
				LD_RUNPATH_SEARCH_PATHS = (
					"$(inherited)",
					"@executable_path/Frameworks",
				);
				MARKETING_VERSION = 1.0;
				PRODUCT_BUNDLE_IDENTIFIER = "Grupo-de-estudio.DragonBallSwift";
				PRODUCT_NAME = "$(TARGET_NAME)";
				PROVISIONING_PROFILE_SPECIFIER = "";
				SWIFT_EMIT_LOC_STRINGS = YES;
				SWIFT_VERSION = 5.0;
				TARGETED_DEVICE_FAMILY = "1,2";
			};
			name = Release;
		};
/* End XCBuildConfiguration section */

/* Begin XCConfigurationList section */
		A5EF78812C623B9800CB0D59 /* Build configuration list for PBXNativeTarget "AudioPlayerDynamicIslandExtension" */ = {
			isa = XCConfigurationList;
			buildConfigurations = (
				A5EF787F2C623B9800CB0D59 /* Debug */,
				A5EF78802C623B9800CB0D59 /* Release */,
			);
			defaultConfigurationIsVisible = 0;
			defaultConfigurationName = Release;
		};
		B372A0132C068E2300439428 /* Build configuration list for PBXProject "DragonBallSwift" */ = {
			isa = XCConfigurationList;
			buildConfigurations = (
				B372A0242C068E2500439428 /* Debug */,
				B372A0252C068E2500439428 /* Release */,
			);
			defaultConfigurationIsVisible = 0;
			defaultConfigurationName = Release;
		};
		B372A0262C068E2500439428 /* Build configuration list for PBXNativeTarget "DragonBallSwift" */ = {
			isa = XCConfigurationList;
			buildConfigurations = (
				B372A0272C068E2500439428 /* Debug */,
				B372A0282C068E2500439428 /* Release */,
			);
			defaultConfigurationIsVisible = 0;
			defaultConfigurationName = Release;
		};
/* End XCConfigurationList section */

/* Begin XCRemoteSwiftPackageReference section */
		5A33F8712C57313F0025A4E2 /* XCRemoteSwiftPackageReference "firebase-ios-sdk" */ = {
			isa = XCRemoteSwiftPackageReference;
			repositoryURL = "https://github.com/firebase/firebase-ios-sdk.git";
			requirement = {
				kind = upToNextMajorVersion;
				minimumVersion = 10.29.0;
			};
		};
		5A33F87F2C5741FE0025A4E2 /* XCRemoteSwiftPackageReference "GoogleSignIn-iOS" */ = {
			isa = XCRemoteSwiftPackageReference;
			repositoryURL = "https://github.com/google/GoogleSignIn-iOS.git";
			requirement = {
				kind = upToNextMajorVersion;
				minimumVersion = 7.1.0;
			};
		};
		5AABB1092C6150CF00C595F6 /* XCRemoteSwiftPackageReference "Kingfisher" */ = {
			isa = XCRemoteSwiftPackageReference;
			repositoryURL = "https://github.com/onevcat/Kingfisher.git";
			requirement = {
				kind = upToNextMajorVersion;
				minimumVersion = 7.12.0;
			};
		};
/* End XCRemoteSwiftPackageReference section */

/* Begin XCSwiftPackageProductDependency section */
		5A33F8722C57313F0025A4E2 /* FirebaseAuth */ = {
			isa = XCSwiftPackageProductDependency;
			package = 5A33F8712C57313F0025A4E2 /* XCRemoteSwiftPackageReference "firebase-ios-sdk" */;
			productName = FirebaseAuth;
		};
		5A33F8742C57313F0025A4E2 /* FirebaseFirestore */ = {
			isa = XCSwiftPackageProductDependency;
			package = 5A33F8712C57313F0025A4E2 /* XCRemoteSwiftPackageReference "firebase-ios-sdk" */;
			productName = FirebaseFirestore;
		};
		5A33F8762C57313F0025A4E2 /* FirebaseFirestoreSwift */ = {
			isa = XCSwiftPackageProductDependency;
			package = 5A33F8712C57313F0025A4E2 /* XCRemoteSwiftPackageReference "firebase-ios-sdk" */;
			productName = FirebaseFirestoreSwift;
		};
		5A33F8782C57313F0025A4E2 /* FirebaseStorage */ = {
			isa = XCSwiftPackageProductDependency;
			package = 5A33F8712C57313F0025A4E2 /* XCRemoteSwiftPackageReference "firebase-ios-sdk" */;
			productName = FirebaseStorage;
		};
		5A33F8802C5741FE0025A4E2 /* GoogleSignIn */ = {
			isa = XCSwiftPackageProductDependency;
			package = 5A33F87F2C5741FE0025A4E2 /* XCRemoteSwiftPackageReference "GoogleSignIn-iOS" */;
			productName = GoogleSignIn;
		};
		5A33F8822C5741FE0025A4E2 /* GoogleSignInSwift */ = {
			isa = XCSwiftPackageProductDependency;
			package = 5A33F87F2C5741FE0025A4E2 /* XCRemoteSwiftPackageReference "GoogleSignIn-iOS" */;
			productName = GoogleSignInSwift;
		};
		5AABB10A2C6150CF00C595F6 /* Kingfisher */ = {
			isa = XCSwiftPackageProductDependency;
			package = 5AABB1092C6150CF00C595F6 /* XCRemoteSwiftPackageReference "Kingfisher" */;
			productName = Kingfisher;
		};
/* End XCSwiftPackageProductDependency section */
	};
	rootObject = B372A0102C068E2300439428 /* Project object */;
}
